<?xml version="1.0" encoding="UTF-8" standalone="yes" ?>
<CodeBlocks_project_file>
	<FileVersion major="1" minor="6" />
	<Project>
		<Option title="T100Native" />
		<Option pch_mode="2" />
		<Option compiler="gcc" />
		<Build>
			<Target title="Debug">
				<Option output="bin/Debug/T100Native" prefix_auto="1" extension_auto="1" />
				<Option object_output="obj/Debug/" />
				<Option type="0" />
				<Option compiler="gcc" />
				<Option projectLinkerOptionsRelation="2" />
				<Compiler>
					<Add option="-g" />
					<Add option="-D__WXDEBUG__" />
					<Add directory="$(#wx)/lib/gcc_dll/mswud" />
					<Add directory="include" />
					<Add directory="include/library/string" />
					<Add directory="include/common" />
					<Add directory="include/library/file" />
					<Add directory="include/suite/game" />
					<Add directory="include/suite/render" />
					<Add directory="include/suite/render/self" />
					<Add directory="include/wx" />
					<Add directory="include/suite/render/common" />
					<Add directory="include/math/vector" />
					<Add directory="." />
					<Add directory="include/fire" />
					<Add directory="include/fire/view" />
					<Add directory="include/fire/store" />
					<Add directory="include/fire/serve" />
					<Add directory="include/suite/model" />
					<Add directory="include/math/matrix" />
					<Add directory="include/math" />
				</Compiler>
				<ResourceCompiler>
					<Add directory="$(#wx)/lib/gcc_dll/mswud" />
				</ResourceCompiler>
				<Linker>
					<Add library="libwxmsw30ud.a" />
					<Add directory="$(#wx)/lib/gcc_dll" />
				</Linker>
			</Target>
			<Target title="Release">
				<Option output="bin/Release/T100Native" prefix_auto="1" extension_auto="1" />
				<Option object_output="obj/Release/" />
				<Option type="0" />
				<Option compiler="gcc" />
				<Option projectLinkerOptionsRelation="2" />
				<Compiler>
					<Add option="-O2" />
					<Add directory="$(#wx)/lib/gcc_dll/mswu" />
					<Add directory="include" />
					<Add directory="include/library/string" />
					<Add directory="include/common" />
					<Add directory="include/library/file" />
					<Add directory="include/suite/game" />
					<Add directory="include/suite/render" />
					<Add directory="include/suite/render/self" />
					<Add directory="include/wx" />
					<Add directory="include/suite/render/common" />
					<Add directory="include/math/vector" />
					<Add directory="include/fire" />
					<Add directory="include/fire/view" />
					<Add directory="include/fire/store" />
					<Add directory="include/fire/serve" />
					<Add directory="include/suite/model" />
					<Add directory="include/math/matrix" />
					<Add directory="include/math" />
				</Compiler>
				<ResourceCompiler>
					<Add directory="$(#wx)/lib/gcc_dll/mswu" />
				</ResourceCompiler>
				<Linker>
					<Add option="-s" />
					<Add library="libwxmsw30u.a" />
					<Add directory="$(#wx)/lib/gcc_dll" />
				</Linker>
			</Target>
		</Build>
		<Compiler>
			<Add option="-pipe" />
			<Add option="-mthreads" />
			<Add option="-D__GNUWIN32__" />
			<Add option="-D__WXMSW__" />
			<Add option="-DWXUSINGDLL" />
			<Add option="-DwxUSE_UNICODE" />
			<Add option="-Wall" />
			<Add directory="$(#wx)/include" />
		</Compiler>
		<ResourceCompiler>
			<Add directory="$(#wx)/include" />
		</ResourceCompiler>
		<Linker>
			<Add option="-mthreads" />
		</Linker>
		<Unit filename="T100NativeApp.cpp" />
		<Unit filename="T100NativeApp.h" />
		<Unit filename="T100NativeMain.cpp" />
		<Unit filename="T100NativeMain.h" />
		<Unit filename="include/T100Common.h" />
		<Unit filename="include/common/T100DataTypes.h" />
		<Unit filename="include/common/T100StringTypes.h" />
		<Unit filename="include/fire/T100Fire.h" />
		<Unit filename="include/fire/serve/T100FireServe.h" />
		<Unit filename="include/fire/store/T100FireStore.h" />
		<Unit filename="include/fire/view/T100FireRender.h" />
		<Unit filename="include/fire/view/T100FireView.h" />
		<Unit filename="include/library/file/T100File.h" />
		<Unit filename="include/library/string/T100WString.h" />
		<Unit filename="include/math/T100LinearAlgebra.h" />
		<Unit filename="include/math/T100Planinetry.h" />
		<Unit filename="include/math/T100SpaceGeometry.h" />
		<Unit filename="include/math/matrix/T100Matrix.h" />
		<Unit filename="include/math/matrix/T100Matrix3.h" />
		<Unit filename="include/math/vector/T100Vector.h" />
		<Unit filename="include/math/vector/T100VectorV3.h" />
		<Unit filename="include/suite/game/T100Game.h" />
		<Unit filename="include/suite/model/T100Cuboid.h" />
		<Unit filename="include/suite/model/T100Sphere.h" />
		<Unit filename="include/suite/render/T100Render.h" />
		<Unit filename="include/suite/render/T100RenderBase.h" />
		<Unit filename="include/suite/render/T100SpaceBase.h" />
		<Unit filename="include/suite/render/T100ViewBase.h" />
		<Unit filename="include/suite/render/common/T100Entity.h" />
		<Unit filename="include/suite/render/common/T100Facet.h" />
		<Unit filename="include/suite/render/common/T100Light.h" />
		<Unit filename="include/suite/render/common/T100Point.h" />
		<Unit filename="include/suite/render/common/T100Text.h" />
		<Unit filename="include/suite/render/common/T100Texture.h" />
		<Unit filename="include/suite/render/self/T100SoftRender.h" />
		<Unit filename="include/suite/render/self/T100SoftSpace.h" />
		<Unit filename="include/wx/T100WxRender.h" />
		<Unit filename="include/wx/T100WxView.h" />
		<Unit filename="resource.rc">
			<Option compilerVar="WINDRES" />
		</Unit>
		<Unit filename="src/fire/T100Fire.cpp" />
		<Unit filename="src/fire/serve/T100FireServe.cpp" />
		<Unit filename="src/fire/store/T100FireStore.cpp" />
		<Unit filename="src/fire/view/T100FireRender.cpp" />
		<Unit filename="src/fire/view/T100FireView.cpp" />
		<Unit filename="src/library/file/T100File.cpp" />
		<Unit filename="src/library/string/T100WString.cpp" />
		<Unit filename="src/math/T100LinearAlgebra.cpp" />
		<Unit filename="src/math/T100Planinetry.cpp" />
		<Unit filename="src/math/T100SpaceGeometry.cpp" />
		<Unit filename="src/math/matrix/T100Matrix.cpp" />
		<Unit filename="src/math/matrix/T100Matrix3.cpp" />
		<Unit filename="src/math/vector/T100Vector.cpp" />
		<Unit filename="src/math/vector/T100VectorV3.cpp" />
		<Unit filename="src/suite/game/T100Game.cpp" />
		<Unit filename="src/suite/model/T100Cuboid.cpp" />
		<Unit filename="src/suite/model/T100Sphere.cpp" />
		<Unit filename="src/suite/render/T100Render.cpp" />
		<Unit filename="src/suite/render/T100RenderBase.cpp" />
		<Unit filename="src/suite/render/T100SpaceBase.cpp" />
		<Unit filename="src/suite/render/T100ViewBase.cpp" />
		<Unit filename="src/suite/render/common/T100Entity.cpp" />
		<Unit filename="src/suite/render/common/T100Facet.cpp" />
		<Unit filename="src/suite/render/common/T100Light.cpp" />
		<Unit filename="src/suite/render/common/T100Point.cpp" />
		<Unit filename="src/suite/render/common/T100Text.cpp" />
		<Unit filename="src/suite/render/common/T100Texture.cpp" />
		<Unit filename="src/suite/render/self/T100SoftRender.cpp" />
		<Unit filename="src/suite/render/self/T100SoftSpace.cpp" />
		<Unit filename="src/wx/T100WxRender.cpp" />
		<Unit filename="src/wx/T100WxView.cpp" />
		<Unit filename="wxsmith/T100Nativeframe.wxs" />
		<Extensions>
			<lib_finder disable_auto="1" />
			<wxsmith version="1">
				<gui name="wxWidgets" src="T100NativeApp.cpp" main="T100NativeFrame" init_handlers="necessary" language="CPP" />
				<resources>
					<wxFrame wxs="wxsmith/T100Nativeframe.wxs" src="T100NativeMain.cpp" hdr="T100NativeMain.h" fwddecl="0" i18n="1" name="T100NativeFrame" language="CPP" />
				</resources>
			</wxsmith>
		</Extensions>
	</Project>
</CodeBlocks_project_file>
