<?xml version="1.0" encoding="UTF-8" standalone="yes" ?>
<CodeBlocks_project_file>
	<FileVersion major="1" minor="6" />
	<Project>
		<Option title="T100DX12" />
		<Option pch_mode="2" />
		<Option compiler="gcc" />
		<Build>
			<Target title="Debug">
				<Option output="bin/Debug/T100DX12" prefix_auto="1" extension_auto="1" />
				<Option object_output="obj/Debug/" />
				<Option type="1" />
				<Option compiler="gcc" />
				<Compiler>
					<Add option="-g" />
					<Add option="-D_XM_NO_INTRINSICS_" />
					<Add option="-DUNICODE" />
					<Add directory="include/dx12" />
					<Add directory="include/demo" />
					<Add directory="include/gui" />
				</Compiler>
			</Target>
			<Target title="Release">
				<Option output="bin/Release/T100DX12" prefix_auto="1" extension_auto="1" />
				<Option object_output="obj/Release/" />
				<Option type="0" />
				<Option compiler="gcc" />
				<Compiler>
					<Add option="-O2" />
					<Add directory="include/dx12" />
					<Add directory="include/demo" />
					<Add directory="include/gui" />
				</Compiler>
				<Linker>
					<Add option="-s" />
				</Linker>
			</Target>
		</Build>
		<Compiler>
			<Add option="-Wall" />
		</Compiler>
		<Linker>
			<Add library="gdi32" />
			<Add library="user32" />
			<Add library="kernel32" />
			<Add library="comctl32" />
		</Linker>
		<Unit filename="include/demo/T100Demo.h" />
		<Unit filename="include/demo/T100FrameResource.h" />
		<Unit filename="include/demo/occcity.h" />
		<Unit filename="include/dx12/DirectXCollision.h" />
		<Unit filename="include/dx12/DirectXColors.h" />
		<Unit filename="include/dx12/DirectXMath.h" />
		<Unit filename="include/dx12/DirectXPackedVector.h" />
		<Unit filename="include/dx12/T100Camera.h" />
		<Unit filename="include/dx12/T100DX12.h" />
		<Unit filename="include/dx12/T100DX12Helper.h" />
		<Unit filename="include/dx12/T100Timer.h" />
		<Unit filename="include/dx12/d3dx12.h" />
		<Unit filename="include/gui/T100Application.h" />
		<Unit filename="include/gui/T100Window.h" />
		<Unit filename="main.cpp" />
		<Unit filename="src/demo/T100Demo.cpp" />
		<Unit filename="src/demo/T100FrameResource.cpp" />
		<Unit filename="src/dx12/T100Camera.cpp" />
		<Unit filename="src/dx12/T100DX12.cpp" />
		<Unit filename="src/dx12/T100Timer.cpp" />
		<Unit filename="src/gui/T100Application.cpp" />
		<Unit filename="src/gui/T100Window.cpp" />
		<Extensions>
			<lib_finder disable_auto="1" />
		</Extensions>
	</Project>
</CodeBlocks_project_file>
