<?xml version="1.0" encoding="UTF-8" standalone="yes" ?>
<CodeBlocks_project_file>
	<FileVersion major="1" minor="6" />
	<Project>
		<Option title="T100Asm64" />
		<Option pch_mode="2" />
		<Option compiler="gcc" />
		<Build>
			<Target title="Debug">
				<Option output="bin/Debug/T100Asm64" prefix_auto="1" extension_auto="1" />
				<Option object_output="obj/Debug/" />
				<Option type="1" />
				<Option compiler="gcc" />
				<Option parameters="work/test_asm.asm " />
				<Compiler>
					<Add option="-g" />
					<Add directory="include/library" />
					<Add directory="include/scanner" />
					<Add directory="include/sentence" />
					<Add directory="include/base" />
					<Add directory="include" />
					<Add directory="include/data" />
					<Add directory="include/produce" />
					<Add directory="include/syntax" />
				</Compiler>
			</Target>
			<Target title="Release">
				<Option output="bin/Release/T100Asm64" prefix_auto="1" extension_auto="1" />
				<Option object_output="obj/Release/" />
				<Option type="1" />
				<Option compiler="gcc" />
				<Compiler>
					<Add option="-O2" />
					<Add directory="include/library" />
					<Add directory="include/scanner" />
					<Add directory="include/sentence" />
					<Add directory="include/base" />
					<Add directory="include" />
					<Add directory="include/data" />
					<Add directory="include/produce" />
					<Add directory="include/syntax" />
				</Compiler>
				<Linker>
					<Add option="-s" />
				</Linker>
			</Target>
		</Build>
		<Compiler>
			<Add option="-Wall" />
			<Add option="-fexceptions" />
		</Compiler>
		<Unit filename="include/T100Asm64.h" />
		<Unit filename="include/T100Asm64CmdLine.h" />
		<Unit filename="include/T100Asm64Compiler.h" />
		<Unit filename="include/T100Asm64Linker.h" />
		<Unit filename="include/T100Asm64Producer.h" />
		<Unit filename="include/T100Common.h" />
		<Unit filename="include/base/T100Asm64Common.h" />
		<Unit filename="include/base/T100Compiler.h" />
		<Unit filename="include/base/T100Linker.h" />
		<Unit filename="include/base/T100Runner.h" />
		<Unit filename="include/base/T100Scanner.h" />
		<Unit filename="include/base/T100SentenceBase.h" />
		<Unit filename="include/base/T100Token.h" />
		<Unit filename="include/data/T100BuildInfo.h" />
		<Unit filename="include/data/T100ParseInfo.h" />
		<Unit filename="include/data/T100ProduceInfo.h" />
		<Unit filename="include/data/T100Segment.h" />
		<Unit filename="include/data/T100SegmentCode.h" />
		<Unit filename="include/data/T100SegmentData.h" />
		<Unit filename="include/data/T100SegmentEqual.h" />
		<Unit filename="include/data/T100SegmentHash.h" />
		<Unit filename="include/data/T100SegmentInfo.h" />
		<Unit filename="include/data/T100SourceInfo.h" />
		<Unit filename="include/library/T100Buffer.h" />
		<Unit filename="include/library/T100CmdLine.h" />
		<Unit filename="include/library/T100Command.h" />
		<Unit filename="include/library/T100File.h" />
		<Unit filename="include/library/T100Log.h" />
		<Unit filename="include/library/T100PathTools.h" />
		<Unit filename="include/library/T100String.h" />
		<Unit filename="include/library/T100StringEqual.h" />
		<Unit filename="include/library/T100StringHash.h" />
		<Unit filename="include/library/T100Unicode.h" />
		<Unit filename="include/produce/T100ClassPathDrawer.h" />
		<Unit filename="include/produce/T100LabelDrawer.h" />
		<Unit filename="include/produce/T100ProcedureDrawer.h" />
		<Unit filename="include/produce/T100SourceDrawer.h" />
		<Unit filename="include/scanner/T100Asm64FunctionScanner.h" />
		<Unit filename="include/scanner/T100Asm64FunctionToken.h" />
		<Unit filename="include/scanner/T100Asm64KeywordScanner.h" />
		<Unit filename="include/scanner/T100Asm64KeywordTable.h" />
		<Unit filename="include/scanner/T100Asm64KeywordToken.h" />
		<Unit filename="include/scanner/T100Asm64LetterScanner.h" />
		<Unit filename="include/scanner/T100Asm64LetterToken.h" />
		<Unit filename="include/scanner/T100Asm64ScannerTools.h" />
		<Unit filename="include/scanner/T100Asm64SentenceScanner.h" />
		<Unit filename="include/scanner/T100Asm64SentenceToken.h" />
		<Unit filename="include/scanner/T100Asm64SourceScanner.h" />
		<Unit filename="include/scanner/T100Asm64SourceToken.h" />
		<Unit filename="include/scanner/T100Asm64StringScanner.h" />
		<Unit filename="include/scanner/T100Asm64StringToken.h" />
		<Unit filename="include/scanner/T100AsmKeywordScanner.h" />
		<Unit filename="include/sentence/T100Asm64Sentence.h" />
		<Unit filename="include/syntax/T100SentenceComment.h" />
		<Unit filename="main.cpp" />
		<Unit filename="src/T100Asm64.cpp" />
		<Unit filename="src/T100Asm64CmdLine.cpp" />
		<Unit filename="src/T100Asm64Compiler.cpp" />
		<Unit filename="src/T100Asm64Linker.cpp" />
		<Unit filename="src/T100Asm64Producer.cpp" />
		<Unit filename="src/base/T100Compiler.cpp" />
		<Unit filename="src/base/T100Linker.cpp" />
		<Unit filename="src/base/T100Runner.cpp" />
		<Unit filename="src/base/T100Scanner.cpp" />
		<Unit filename="src/base/T100SentenceBase.cpp" />
		<Unit filename="src/base/T100Token.cpp" />
		<Unit filename="src/data/T100BuildInfo.cpp" />
		<Unit filename="src/data/T100ParseInfo.cpp" />
		<Unit filename="src/data/T100ProduceInfo.cpp" />
		<Unit filename="src/data/T100Segment.cpp" />
		<Unit filename="src/data/T100SegmentCode.cpp" />
		<Unit filename="src/data/T100SegmentData.cpp" />
		<Unit filename="src/data/T100SegmentEqual.cpp" />
		<Unit filename="src/data/T100SegmentHash.cpp" />
		<Unit filename="src/data/T100SegmentInfo.cpp" />
		<Unit filename="src/data/T100SourceInfo.cpp" />
		<Unit filename="src/library/T100Buffer.cpp" />
		<Unit filename="src/library/T100CmdLine.cpp" />
		<Unit filename="src/library/T100Command.cpp" />
		<Unit filename="src/library/T100File.cpp" />
		<Unit filename="src/library/T100Log.cpp" />
		<Unit filename="src/library/T100PathTools.cpp" />
		<Unit filename="src/library/T100String.cpp" />
		<Unit filename="src/library/T100StringEqual.cpp" />
		<Unit filename="src/library/T100StringHash.cpp" />
		<Unit filename="src/library/T100Unicode.cpp" />
		<Unit filename="src/produce/T100ClassPathDrawer.cpp" />
		<Unit filename="src/produce/T100LabelDrawer.cpp" />
		<Unit filename="src/produce/T100ProcedureDrawer.cpp" />
		<Unit filename="src/produce/T100SourceDrawer.cpp" />
		<Unit filename="src/scanner/T100Asm64FunctionScanner.cpp" />
		<Unit filename="src/scanner/T100Asm64FunctionToken.cpp" />
		<Unit filename="src/scanner/T100Asm64KeywordScanner.cpp" />
		<Unit filename="src/scanner/T100Asm64KeywordTable.cpp" />
		<Unit filename="src/scanner/T100Asm64KeywordToken.cpp" />
		<Unit filename="src/scanner/T100Asm64LetterScanner.cpp" />
		<Unit filename="src/scanner/T100Asm64LetterToken.cpp" />
		<Unit filename="src/scanner/T100Asm64ScannerTools.cpp" />
		<Unit filename="src/scanner/T100Asm64SentenceScanner.cpp" />
		<Unit filename="src/scanner/T100Asm64SentenceToken.cpp" />
		<Unit filename="src/scanner/T100Asm64SourceScanner.cpp" />
		<Unit filename="src/scanner/T100Asm64SourceToken.cpp" />
		<Unit filename="src/scanner/T100Asm64StringScanner.cpp" />
		<Unit filename="src/scanner/T100Asm64StringToken.cpp" />
		<Unit filename="src/sentence/T100Asm64Sentence.cpp" />
		<Unit filename="src/syntax/T100SentenceComment.cpp" />
		<Unit filename="wmain.cpp">
			<Option target="&lt;{~None~}&gt;" />
		</Unit>
		<Unit filename="work/test_asm.asm">
			<Option target="&lt;{~None~}&gt;" />
		</Unit>
		<Extensions />
	</Project>
</CodeBlocks_project_file>
