<?xml version="1.0" encoding="UTF-8" standalone="yes" ?>
<CodeBlocks_project_file>
	<FileVersion major="1" minor="6" />
	<Project>
		<Option title="T100Hello" />
		<Option pch_mode="2" />
		<Option compiler="gcc" />
		<Build>
			<Target title="Debug">
				<Option output="bin/Debug/T100Hello" prefix_auto="1" extension_auto="1" />
				<Option object_output="obj/Debug/" />
				<Option type="1" />
				<Option compiler="gcc" />
				<Compiler>
					<Add option="-g" />
				</Compiler>
				<Linker>
					<Add library="../../../build/libT100Application.a" />
					<Add library="../../../build/libT100Frame.a" />
					<Add library="../../../build/libT100Window.a" />
					<Add library="../../../build/libT100Control.a" />
					<Add library="../../../build/libT100Menu.a" />
					<Add library="../../../build/libT100Font.a" />
					<Add library="../../../build/libT100Event.a" />
					<Add library="../../../../../build/libT100Object.a" />
					<Add library="../../../../../build/libT100Common.a" />
				</Linker>
			</Target>
			<Target title="Release">
				<Option output="bin/Release/T100Hello" prefix_auto="1" extension_auto="1" />
				<Option object_output="obj/Release/" />
				<Option type="0" />
				<Option compiler="gcc" />
				<Compiler>
					<Add option="-O2" />
				</Compiler>
				<Linker>
					<Add option="-s" />
				</Linker>
			</Target>
		</Build>
		<Compiler>
			<Add option="-Wall" />
			<Add directory="../../../Source/T100Application/include" />
			<Add directory="../../../Source/T100Frame/include" />
			<Add directory="../../../Source/T100Control/include" />
			<Add directory="../../../Source/T100Window/include" />
			<Add directory="../../../Source/T100Font/include" />
			<Add directory="../../../Source/T100Event/include" />
			<Add directory="../../../Source/T100Menu/include" />
			<Add directory="../../../../T100Object/Source/T100Object/include" />
			<Add directory="../../../../T100Vessel/Source/T100Vessel/include" />
			<Add directory="../../../../T100Common/include" />
		</Compiler>
		<Linker>
			<Add library="gdi32" />
			<Add library="user32" />
			<Add library="kernel32" />
			<Add library="comctl32" />
		</Linker>
		<Unit filename="main.cpp" />
		<Extensions>
			<lib_finder disable_auto="1" />
		</Extensions>
	</Project>
</CodeBlocks_project_file>
