<?xml version="1.0" encoding="UTF-8" standalone="yes" ?>
<CodeBlocks_project_file>
	<FileVersion major="1" minor="6" />
	<Project>
		<Option title="T100" />
		<Option pch_mode="2" />
		<Option compiler="gcc" />
		<Build>
			<Target title="Debug">
				<Option output="bin/Debug/T100" prefix_auto="1" extension_auto="1" />
				<Option object_output="obj/Debug/" />
				<Option type="1" />
				<Option compiler="gcc" />
				<Option parameters="-T" />
				<Option projectLinkerOptionsRelation="2" />
				<Compiler>
					<Add option="-g" />
					<Add option="-D__WXDEBUG__" />
					<Add directory="$(#wx)/lib/gcc_dll/mswud" />
					<Add directory="include/common" />
					<Add directory="include/libaray" />
					<Add directory="include/library" />
					<Add directory="include/assembly" />
					<Add directory="include/component" />
					<Add directory="test" />
					<Add directory="include/font" />
					<Add directory="include/vdisk" />
					<Add directory="include/vpc" />
					<Add directory="include/editor" />
					<Add directory="include/ide" />
					<Add directory="include/al" />
					<Add directory="include/assembly/scanner" />
					<Add directory="include/library/log" />
					<Add directory="include/wxwidgets" />
					<Add directory="include/app" />
					<Add directory="include" />
					<Add directory="test/library" />
					<Add directory="include/library/console" />
					<Add directory="include/assembly/data" />
					<Add directory="include/data/cmdline" />
					<Add directory="include/library/cmdline" />
					<Add directory="test/assembly" />
					<Add directory="include/assembly/produce/real" />
					<Add directory="include/assembly/produce/virtual" />
					<Add directory="include/assembly/produce" />
					<Add directory="include/assembly/syntax" />
					<Add directory="include/assembly/syntax/calculate" />
					<Add directory="include/assembly/syntax/control" />
					<Add directory="include/assembly/syntax/program" />
					<Add directory="include/assembly/syntax/transfer" />
					<Add directory="include/vpc/data" />
					<Add directory="include/vpc/device" />
					<Add directory="include/vpc/order" />
					<Add directory="include/vpc/qu32" />
					<Add directory="include/vpc/serve" />
					<Add directory="include/vpc/view" />
					<Add directory="include/vpc/order/calculate" />
					<Add directory="include/vpc/order/control" />
					<Add directory="include/vpc/order/program" />
					<Add directory="include/vpc/order/transfer" />
				</Compiler>
				<ResourceCompiler>
					<Add directory="$(#wx)/lib/gcc_dll/mswud" />
				</ResourceCompiler>
				<Linker>
					<Add library="libwxmsw30ud.a" />
					<Add directory="$(#wx)/lib/gcc_dll" />
				</Linker>
			</Target>
			<Target title="Release">
				<Option output="bin/Release/T100" prefix_auto="1" extension_auto="1" />
				<Option object_output="obj/Release/" />
				<Option type="0" />
				<Option compiler="gcc" />
				<Option projectLinkerOptionsRelation="2" />
				<Compiler>
					<Add option="-O2" />
					<Add directory="$(#wx)/lib/gcc_dll/mswu" />
					<Add directory="include/common" />
					<Add directory="include/libaray" />
					<Add directory="include/library" />
					<Add directory="include/assembly" />
					<Add directory="include/component" />
					<Add directory="test" />
					<Add directory="include/font" />
					<Add directory="include/vdisk" />
					<Add directory="include/vpc" />
					<Add directory="include/editor" />
					<Add directory="include/ide" />
					<Add directory="include/al" />
					<Add directory="include/assembly/scanner" />
					<Add directory="include/library/log" />
					<Add directory="include/wxwidgets" />
					<Add directory="include/app" />
					<Add directory="test/library" />
					<Add directory="include/library/console" />
					<Add directory="include/assembly/data" />
					<Add directory="include/data/cmdline" />
					<Add directory="include/library/cmdline" />
					<Add directory="test/assembly" />
					<Add directory="include/assembly/produce/real" />
					<Add directory="include/assembly/produce/virtual" />
					<Add directory="include/assembly/produce" />
					<Add directory="include/assembly/syntax" />
					<Add directory="include/assembly/syntax/calculate" />
					<Add directory="include/assembly/syntax/control" />
					<Add directory="include/assembly/syntax/program" />
					<Add directory="include/assembly/syntax/transfer" />
					<Add directory="include/vpc/data" />
					<Add directory="include/vpc/device" />
					<Add directory="include/vpc/order" />
					<Add directory="include/vpc/qu32" />
					<Add directory="include/vpc/serve" />
					<Add directory="include/vpc/view" />
					<Add directory="include/vpc/order/calculate" />
					<Add directory="include/vpc/order/control" />
					<Add directory="include/vpc/order/program" />
					<Add directory="include/vpc/order/transfer" />
				</Compiler>
				<ResourceCompiler>
					<Add directory="$(#wx)/lib/gcc_dll/mswu" />
				</ResourceCompiler>
				<Linker>
					<Add option="-s" />
					<Add library="libwxmsw30u.a" />
					<Add directory="$(#wx)/lib/gcc_dll" />
				</Linker>
			</Target>
		</Build>
		<Compiler>
			<Add option="-pipe" />
			<Add option="-mthreads" />
			<Add option="-D__GNUWIN32__" />
			<Add option="-D__WXMSW__" />
			<Add option="-DWXUSINGDLL" />
			<Add option="-DwxUSE_UNICODE" />
			<Add option="-Wall" />
			<Add directory="$(#wx)/include" />
		</Compiler>
		<ResourceCompiler>
			<Add directory="$(#wx)/include" />
		</ResourceCompiler>
		<Linker>
			<Add option="-mthreads" />
		</Linker>
		<Unit filename="T100App.cpp" />
		<Unit filename="T100App.h" />
		<Unit filename="T100Main.cpp" />
		<Unit filename="T100Main.h" />
		<Unit filename="build/.gitkeep" />
		<Unit filename="docs/.gitkeep" />
		<Unit filename="docs/T100.txt" />
		<Unit filename="docs/T100Frame.txt" />
		<Unit filename="docs/T100Glossary.txt" />
		<Unit filename="docs/T100Naming.txt" />
		<Unit filename="docs/assembly/T100Addressing.txt" />
		<Unit filename="docs/assembly/T100Keyword.txt" />
		<Unit filename="docs/assembly/T100Order.txt" />
		<Unit filename="include/al/T100AL.h" />
		<Unit filename="include/app/T100ThisAppCmdLineParser.h" />
		<Unit filename="include/app/T100ThisAppCmdLineResult.h" />
		<Unit filename="include/app/T100ThisAppManager.h" />
		<Unit filename="include/app/T100ThisAppSetup.h" />
		<Unit filename="include/assembly/T100Assembly.h" />
		<Unit filename="include/assembly/T100AssemblyHint.h" />
		<Unit filename="include/assembly/T100AssemblyLog.h" />
		<Unit filename="include/assembly/data/T100BuildInfo.h" />
		<Unit filename="include/assembly/data/T100ParseInfo.h" />
		<Unit filename="include/assembly/data/T100PartInfo.h" />
		<Unit filename="include/assembly/data/T100ProduceInfo.h" />
		<Unit filename="include/assembly/data/T100Segment.h" />
		<Unit filename="include/assembly/data/T100SegmentCode.h" />
		<Unit filename="include/assembly/data/T100SegmentData.h" />
		<Unit filename="include/assembly/data/T100SegmentHash.h" />
		<Unit filename="include/assembly/data/T100SegmentInfo.h" />
		<Unit filename="include/assembly/produce/T100ClassPathDrawer.h" />
		<Unit filename="include/assembly/produce/T100LabelDrawer.h" />
		<Unit filename="include/assembly/produce/T100PartDrawer.h" />
		<Unit filename="include/assembly/produce/T100PartFile.h" />
		<Unit filename="include/assembly/produce/T100PartFileReader.h" />
		<Unit filename="include/assembly/produce/T100PartFileWriter.h" />
		<Unit filename="include/assembly/produce/T100ProcedureDrawer.h" />
		<Unit filename="include/assembly/produce/T100Produce.h" />
		<Unit filename="include/assembly/produce/T100ProduceBuilder.h" />
		<Unit filename="include/assembly/produce/T100ProduceFile.h" />
		<Unit filename="include/assembly/produce/T100ProduceMerger.h" />
		<Unit filename="include/assembly/produce/T100ProduceParser.h" />
		<Unit filename="include/assembly/produce/T100SegmentDrawer.h" />
		<Unit filename="include/assembly/produce/T100VariableDrawer.h" />
		<Unit filename="include/assembly/produce/real/T100RealBuilder.h" />
		<Unit filename="include/assembly/produce/real/T100RealFile.h" />
		<Unit filename="include/assembly/produce/real/T100RealFileReader.h" />
		<Unit filename="include/assembly/produce/real/T100RealFileWriter.h" />
		<Unit filename="include/assembly/produce/real/T100RealInfo.h" />
		<Unit filename="include/assembly/produce/real/T100RealMerger.h" />
		<Unit filename="include/assembly/produce/virtual/T100VirtualBuilder.h" />
		<Unit filename="include/assembly/produce/virtual/T100VirtualFile.h" />
		<Unit filename="include/assembly/produce/virtual/T100VirtualFileReader.h" />
		<Unit filename="include/assembly/produce/virtual/T100VirtualFileWriter.h" />
		<Unit filename="include/assembly/produce/virtual/T100VirtualInfo.h" />
		<Unit filename="include/assembly/produce/virtual/T100VirtualMerger.h" />
		<Unit filename="include/assembly/scanner/T100ByteScanner.h" />
		<Unit filename="include/assembly/scanner/T100ByteToken.h" />
		<Unit filename="include/assembly/scanner/T100CharScanner.h" />
		<Unit filename="include/assembly/scanner/T100CharToken.h" />
		<Unit filename="include/assembly/scanner/T100KeywordScanner.h" />
		<Unit filename="include/assembly/scanner/T100KeywordTable.h" />
		<Unit filename="include/assembly/scanner/T100KeywordToken.h" />
		<Unit filename="include/assembly/scanner/T100PartScanner.h" />
		<Unit filename="include/assembly/scanner/T100PartScannerTools.h" />
		<Unit filename="include/assembly/scanner/T100PartToken.h" />
		<Unit filename="include/assembly/scanner/T100SegmentScanner.h" />
		<Unit filename="include/assembly/scanner/T100SegmentToken.h" />
		<Unit filename="include/assembly/scanner/T100SentenceScanner.h" />
		<Unit filename="include/assembly/scanner/T100SentenceToken.h" />
		<Unit filename="include/assembly/scanner/T100StringScanner.h" />
		<Unit filename="include/assembly/scanner/T100StringToken.h" />
		<Unit filename="include/assembly/syntax/T100AllSentences.h" />
		<Unit filename="include/assembly/syntax/T100Sentence.h" />
		<Unit filename="include/assembly/syntax/T100SentenceCode.h" />
		<Unit filename="include/assembly/syntax/T100SentenceComment.h" />
		<Unit filename="include/assembly/syntax/T100SentenceData.h" />
		<Unit filename="include/assembly/syntax/T100SentenceEnd.h" />
		<Unit filename="include/assembly/syntax/T100SentenceImport.h" />
		<Unit filename="include/assembly/syntax/T100SentenceLabel.h" />
		<Unit filename="include/assembly/syntax/T100SentenceMode.h" />
		<Unit filename="include/assembly/syntax/T100SentenceProcedure.h" />
		<Unit filename="include/assembly/syntax/T100SentenceVariable.h" />
		<Unit filename="include/assembly/syntax/calculate/T100SentenceAdd.h" />
		<Unit filename="include/assembly/syntax/calculate/T100SentenceAnd.h" />
		<Unit filename="include/assembly/syntax/calculate/T100SentenceDiv.h" />
		<Unit filename="include/assembly/syntax/calculate/T100SentenceMul.h" />
		<Unit filename="include/assembly/syntax/calculate/T100SentenceNot.h" />
		<Unit filename="include/assembly/syntax/calculate/T100SentenceOr.h" />
		<Unit filename="include/assembly/syntax/calculate/T100SentenceSub.h" />
		<Unit filename="include/assembly/syntax/calculate/T100SentenceXor.h" />
		<Unit filename="include/assembly/syntax/control/T100SentenceCmt.h" />
		<Unit filename="include/assembly/syntax/control/T100SentenceDebug.h" />
		<Unit filename="include/assembly/syntax/control/T100SentenceHalt.h" />
		<Unit filename="include/assembly/syntax/control/T100SentenceLock.h" />
		<Unit filename="include/assembly/syntax/control/T100SentenceNop.h" />
		<Unit filename="include/assembly/syntax/control/T100SentenceUnlock.h" />
		<Unit filename="include/assembly/syntax/program/T100SentenceCall.h" />
		<Unit filename="include/assembly/syntax/program/T100SentenceInt.h" />
		<Unit filename="include/assembly/syntax/program/T100SentenceIret.h" />
		<Unit filename="include/assembly/syntax/program/T100SentenceJnz.h" />
		<Unit filename="include/assembly/syntax/program/T100SentenceJump.h" />
		<Unit filename="include/assembly/syntax/program/T100SentenceJz.h" />
		<Unit filename="include/assembly/syntax/program/T100SentenceLoop.h" />
		<Unit filename="include/assembly/syntax/program/T100SentenceRet.h" />
		<Unit filename="include/assembly/syntax/transfer/T100SentenceCopy.h" />
		<Unit filename="include/assembly/syntax/transfer/T100SentenceIn.h" />
		<Unit filename="include/assembly/syntax/transfer/T100SentenceLoad.h" />
		<Unit filename="include/assembly/syntax/transfer/T100SentenceMove.h" />
		<Unit filename="include/assembly/syntax/transfer/T100SentenceOut.h" />
		<Unit filename="include/assembly/syntax/transfer/T100SentenceStore.h" />
		<Unit filename="include/common/T100BitTypes.h" />
		<Unit filename="include/common/T100Common.h" />
		<Unit filename="include/common/T100DataStructure.h" />
		<Unit filename="include/common/T100DataTypes.h" />
		<Unit filename="include/common/T100GraphicCommon.h" />
		<Unit filename="include/common/T100SourceTypes.h" />
		<Unit filename="include/common/T100StringTypes.h" />
		<Unit filename="include/common/T100UnicodeCommon.h" />
		<Unit filename="include/component/T100Scanner.h" />
		<Unit filename="include/component/T100Token.h" />
		<Unit filename="include/component/T100TokenTypes.h" />
		<Unit filename="include/component/T100VFS.h" />
		<Unit filename="include/data/cmdline/T100CmdLineCharToken.h" />
		<Unit filename="include/data/cmdline/T100CmdLineExec.h" />
		<Unit filename="include/data/cmdline/T100CmdLineInfo.h" />
		<Unit filename="include/data/cmdline/T100CmdLineOption.h" />
		<Unit filename="include/data/cmdline/T100CmdLineParam.h" />
		<Unit filename="include/data/cmdline/T100CmdLineResult.h" />
		<Unit filename="include/data/cmdline/T100CmdLineStringToken.h" />
		<Unit filename="include/data/cmdline/T100CmdLineSwitch.h" />
		<Unit filename="include/editor/T100Editor.h" />
		<Unit filename="include/font/T100FontBuilder.h" />
		<Unit filename="include/ide/T100IDE.h" />
		<Unit filename="include/library/T100App.h" />
		<Unit filename="include/library/T100AppManager.h" />
		<Unit filename="include/library/T100AppSetup.h" />
		<Unit filename="include/library/T100Buffer.h" />
		<Unit filename="include/library/T100Callback.h" />
		<Unit filename="include/library/T100CapacityTools.h" />
		<Unit filename="include/library/T100Class.h" />
		<Unit filename="include/library/T100Clock.h" />
		<Unit filename="include/library/T100DataStructureTools.h" />
		<Unit filename="include/library/T100DirectoryEntry.h" />
		<Unit filename="include/library/T100DiskCommon.h" />
		<Unit filename="include/library/T100Error.h" />
		<Unit filename="include/library/T100File.h" />
		<Unit filename="include/library/T100FileCommon.h" />
		<Unit filename="include/library/T100FileReader.h" />
		<Unit filename="include/library/T100FileStream.h" />
		<Unit filename="include/library/T100FileTools.h" />
		<Unit filename="include/library/T100FileWriter.h" />
		<Unit filename="include/library/T100Folder.h" />
		<Unit filename="include/library/T100Help.h" />
		<Unit filename="include/library/T100Hint.h" />
		<Unit filename="include/library/T100Leak.h" />
		<Unit filename="include/library/T100Library.h" />
		<Unit filename="include/library/T100PathTools.h" />
		<Unit filename="include/library/T100Reader.h" />
		<Unit filename="include/library/T100Setup.h" />
		<Unit filename="include/library/T100Stream.h" />
		<Unit filename="include/library/T100String.h" />
		<Unit filename="include/library/T100String32.h" />
		<Unit filename="include/library/T100String32Common.h" />
		<Unit filename="include/library/T100String32Tools.h" />
		<Unit filename="include/library/T100StringCommon.h" />
		<Unit filename="include/library/T100StringEqual.h" />
		<Unit filename="include/library/T100StringHash.h" />
		<Unit filename="include/library/T100StringTools.h" />
		<Unit filename="include/library/T100Test.h" />
		<Unit filename="include/library/T100TestCommon.h" />
		<Unit filename="include/library/T100TestTools.h" />
		<Unit filename="include/library/T100TextFile.h" />
		<Unit filename="include/library/T100TextFileReader.h" />
		<Unit filename="include/library/T100TextFileWriter.h" />
		<Unit filename="include/library/T100Thread.h" />
		<Unit filename="include/library/T100Timer.h" />
		<Unit filename="include/library/T100Unicode.h" />
		<Unit filename="include/library/T100Vessel.h" />
		<Unit filename="include/library/T100Writer.h" />
		<Unit filename="include/library/cmdline/T100CmdLineCharScanner.h" />
		<Unit filename="include/library/cmdline/T100CmdLineCommon.h" />
		<Unit filename="include/library/cmdline/T100CmdLineParser.h" />
		<Unit filename="include/library/cmdline/T100CmdLineStringScanner.h" />
		<Unit filename="include/library/console/T100Console.h" />
		<Unit filename="include/library/console/T100ConsoleBase.h" />
		<Unit filename="include/library/console/T100ConsoleCommon.h" />
		<Unit filename="include/library/console/T100ConsoleLinux.h" />
		<Unit filename="include/library/console/T100ConsoleLog.h" />
		<Unit filename="include/library/console/T100ConsoleWindows.h" />
		<Unit filename="include/library/log/T100Log.h" />
		<Unit filename="include/library/log/T100LogBase.h" />
		<Unit filename="include/library/log/T100LogCommon.h" />
		<Unit filename="include/library/log/T100LogConsole.h" />
		<Unit filename="include/library/log/T100LogFile.h" />
		<Unit filename="include/vdisk/T100VDiskApp.h" />
		<Unit filename="include/vpc/T100VPC.h" />
		<Unit filename="include/vpc/data/T100AUDeviceInfo.h" />
		<Unit filename="include/vpc/data/T100CUDeviceInfo.h" />
		<Unit filename="include/vpc/data/T100DeviceInfo.h" />
		<Unit filename="include/vpc/data/T100DiskInfo.h" />
		<Unit filename="include/vpc/data/T100DisplayInfo.h" />
		<Unit filename="include/vpc/data/T100EventData.h" />
		<Unit filename="include/vpc/data/T100KeyboardInfo.h" />
		<Unit filename="include/vpc/data/T100MemoryInfo.h" />
		<Unit filename="include/vpc/data/T100MouseInfo.h" />
		<Unit filename="include/vpc/data/T100PortDeviceInfo.h" />
		<Unit filename="include/vpc/data/T100RegisterEventData.h" />
		<Unit filename="include/vpc/device/T100AUDevice.h" />
		<Unit filename="include/vpc/device/T100BlockDevice.h" />
		<Unit filename="include/vpc/device/T100CUDevice.h" />
		<Unit filename="include/vpc/device/T100Device.h" />
		<Unit filename="include/vpc/device/T100Disk.h" />
		<Unit filename="include/vpc/device/T100Display.h" />
		<Unit filename="include/vpc/device/T100DisplayBlockDevice.h" />
		<Unit filename="include/vpc/device/T100DisplayPageDevice.h" />
		<Unit filename="include/vpc/device/T100Keyboard.h" />
		<Unit filename="include/vpc/device/T100MemoryDevice.h" />
		<Unit filename="include/vpc/device/T100Mouse.h" />
		<Unit filename="include/vpc/device/T100PageDevice.h" />
		<Unit filename="include/vpc/device/T100PortDevice.h" />
		<Unit filename="include/vpc/order/T100AllOrders.h" />
		<Unit filename="include/vpc/order/T100Order.h" />
		<Unit filename="include/vpc/order/calculate/T100OrderAdd.h" />
		<Unit filename="include/vpc/order/calculate/T100OrderAnd.h" />
		<Unit filename="include/vpc/order/calculate/T100OrderDiv.h" />
		<Unit filename="include/vpc/order/calculate/T100OrderMul.h" />
		<Unit filename="include/vpc/order/calculate/T100OrderNot.h" />
		<Unit filename="include/vpc/order/calculate/T100OrderOr.h" />
		<Unit filename="include/vpc/order/calculate/T100OrderSub.h" />
		<Unit filename="include/vpc/order/calculate/T100OrderXor.h" />
		<Unit filename="include/vpc/order/control/T100OrderCmt.h" />
		<Unit filename="include/vpc/order/control/T100OrderDebug.h" />
		<Unit filename="include/vpc/order/control/T100OrderHalt.h" />
		<Unit filename="include/vpc/order/control/T100OrderLock.h" />
		<Unit filename="include/vpc/order/control/T100OrderNop.h" />
		<Unit filename="include/vpc/order/control/T100OrderUnlock.h" />
		<Unit filename="include/vpc/order/program/T100OrderCall.h" />
		<Unit filename="include/vpc/order/program/T100OrderInt.h" />
		<Unit filename="include/vpc/order/program/T100OrderIret.h" />
		<Unit filename="include/vpc/order/program/T100OrderJnz.h" />
		<Unit filename="include/vpc/order/program/T100OrderJump.h" />
		<Unit filename="include/vpc/order/program/T100OrderJz.h" />
		<Unit filename="include/vpc/order/program/T100OrderLoop.h" />
		<Unit filename="include/vpc/order/program/T100OrderRet.h" />
		<Unit filename="include/vpc/order/transfer/T100OrderCopy.h" />
		<Unit filename="include/vpc/order/transfer/T100OrderIn.h" />
		<Unit filename="include/vpc/order/transfer/T100OrderLoad.h" />
		<Unit filename="include/vpc/order/transfer/T100OrderMove.h" />
		<Unit filename="include/vpc/order/transfer/T100OrderOut.h" />
		<Unit filename="include/vpc/order/transfer/T100OrderStore.h" />
		<Unit filename="include/vpc/qu32/T100AU32.h" />
		<Unit filename="include/vpc/qu32/T100CU32.h" />
		<Unit filename="include/vpc/qu32/T100Executor32.h" />
		<Unit filename="include/vpc/qu32/T100Interrupt32.h" />
		<Unit filename="include/vpc/qu32/T100Memory32.h" />
		<Unit filename="include/vpc/qu32/T100Port32.h" />
		<Unit filename="include/vpc/qu32/T100QU32.h" />
		<Unit filename="include/vpc/qu32/T100QU32Interface.h" />
		<Unit filename="include/vpc/qu32/T100QU32Notifier.h" />
		<Unit filename="include/vpc/qu32/T100QU32Setup.h" />
		<Unit filename="include/vpc/qu32/T100QU32Timer.h" />
		<Unit filename="include/vpc/qu32/T100Register32.h" />
		<Unit filename="include/vpc/serve/T100VPCCallback.h" />
		<Unit filename="include/vpc/serve/T100VPCLink.h" />
		<Unit filename="include/vpc/serve/T100VPCServe.h" />
		<Unit filename="include/vpc/view/T100VPCView.h" />
		<Unit filename="include/wxwidgets/T100WxApp.h" />
		<Unit filename="include/wxwidgets/T100WxAppManager.h" />
		<Unit filename="licence.txt" />
		<Unit filename="logs/.gitkeep" />
		<Unit filename="resource.rc">
			<Option compilerVar="WINDRES" />
		</Unit>
		<Unit filename="resources/.gitkeep" />
		<Unit filename="scripts/.gitkeep" />
		<Unit filename="src/al/T100AL.cpp" />
		<Unit filename="src/app/T100ThisAppCmdLineParser.cpp" />
		<Unit filename="src/app/T100ThisAppCmdLineResult.cpp" />
		<Unit filename="src/app/T100ThisAppManager.cpp" />
		<Unit filename="src/app/T100ThisAppSetup.cpp" />
		<Unit filename="src/assembly/T100Assembly.cpp" />
		<Unit filename="src/assembly/T100AssemblyHint.cpp" />
		<Unit filename="src/assembly/T100AssemblyLog.cpp" />
		<Unit filename="src/assembly/data/T100BuildInfo.cpp" />
		<Unit filename="src/assembly/data/T100ParseInfo.cpp" />
		<Unit filename="src/assembly/data/T100PartInfo.cpp" />
		<Unit filename="src/assembly/data/T100ProduceInfo.cpp" />
		<Unit filename="src/assembly/data/T100Segment.cpp" />
		<Unit filename="src/assembly/data/T100SegmentCode.cpp" />
		<Unit filename="src/assembly/data/T100SegmentData.cpp" />
		<Unit filename="src/assembly/data/T100SegmentHash.cpp" />
		<Unit filename="src/assembly/data/T100SegmentInfo.cpp" />
		<Unit filename="src/assembly/produce/T100ClassPathDrawer.cpp" />
		<Unit filename="src/assembly/produce/T100LabelDrawer.cpp" />
		<Unit filename="src/assembly/produce/T100PartDrawer.cpp" />
		<Unit filename="src/assembly/produce/T100PartFile.cpp" />
		<Unit filename="src/assembly/produce/T100PartFileReader.cpp" />
		<Unit filename="src/assembly/produce/T100PartFileWriter.cpp" />
		<Unit filename="src/assembly/produce/T100ProcedureDrawer.cpp" />
		<Unit filename="src/assembly/produce/T100Produce.cpp" />
		<Unit filename="src/assembly/produce/T100ProduceBuilder.cpp" />
		<Unit filename="src/assembly/produce/T100ProduceFile.cpp" />
		<Unit filename="src/assembly/produce/T100ProduceMerger.cpp" />
		<Unit filename="src/assembly/produce/T100ProduceParser.cpp" />
		<Unit filename="src/assembly/produce/T100SegmentDrawer.cpp" />
		<Unit filename="src/assembly/produce/T100VariableDrawer.cpp" />
		<Unit filename="src/assembly/produce/real/T100RealBuilder.cpp" />
		<Unit filename="src/assembly/produce/real/T100RealFile.cpp" />
		<Unit filename="src/assembly/produce/real/T100RealFileReader.cpp" />
		<Unit filename="src/assembly/produce/real/T100RealFileWriter.cpp" />
		<Unit filename="src/assembly/produce/real/T100RealInfo.cpp" />
		<Unit filename="src/assembly/produce/real/T100RealMerger.cpp" />
		<Unit filename="src/assembly/produce/virtual/T100VirtualBuilder.cpp" />
		<Unit filename="src/assembly/produce/virtual/T100VirtualFile.cpp" />
		<Unit filename="src/assembly/produce/virtual/T100VirtualFileReader.cpp" />
		<Unit filename="src/assembly/produce/virtual/T100VirtualFileWriter.cpp" />
		<Unit filename="src/assembly/produce/virtual/T100VirtualInfo.cpp" />
		<Unit filename="src/assembly/produce/virtual/T100VirtualMerger.cpp" />
		<Unit filename="src/assembly/scanner/T100ByteScanner.cpp" />
		<Unit filename="src/assembly/scanner/T100ByteToken.cpp" />
		<Unit filename="src/assembly/scanner/T100CharScanner.cpp" />
		<Unit filename="src/assembly/scanner/T100CharToken.cpp" />
		<Unit filename="src/assembly/scanner/T100KeywordScanner.cpp" />
		<Unit filename="src/assembly/scanner/T100KeywordTable.cpp" />
		<Unit filename="src/assembly/scanner/T100KeywordToken.cpp" />
		<Unit filename="src/assembly/scanner/T100PartScanner.cpp" />
		<Unit filename="src/assembly/scanner/T100PartScannerTools.cpp" />
		<Unit filename="src/assembly/scanner/T100PartToken.cpp" />
		<Unit filename="src/assembly/scanner/T100SegmentScanner.cpp" />
		<Unit filename="src/assembly/scanner/T100SegmentToken.cpp" />
		<Unit filename="src/assembly/scanner/T100SentenceScanner.cpp" />
		<Unit filename="src/assembly/scanner/T100SentenceToken.cpp" />
		<Unit filename="src/assembly/scanner/T100StringScanner.cpp" />
		<Unit filename="src/assembly/scanner/T100StringToken.cpp" />
		<Unit filename="src/assembly/syntax/T100Sentence.cpp" />
		<Unit filename="src/assembly/syntax/T100SentenceCode.cpp" />
		<Unit filename="src/assembly/syntax/T100SentenceComment.cpp" />
		<Unit filename="src/assembly/syntax/T100SentenceData.cpp" />
		<Unit filename="src/assembly/syntax/T100SentenceEnd.cpp" />
		<Unit filename="src/assembly/syntax/T100SentenceImport.cpp" />
		<Unit filename="src/assembly/syntax/T100SentenceLabel.cpp" />
		<Unit filename="src/assembly/syntax/T100SentenceMode.cpp" />
		<Unit filename="src/assembly/syntax/T100SentenceProcedure.cpp" />
		<Unit filename="src/assembly/syntax/T100SentenceVariable.cpp" />
		<Unit filename="src/assembly/syntax/calculate/T100SentenceAdd.cpp" />
		<Unit filename="src/assembly/syntax/calculate/T100SentenceAnd.cpp" />
		<Unit filename="src/assembly/syntax/calculate/T100SentenceDiv.cpp" />
		<Unit filename="src/assembly/syntax/calculate/T100SentenceMul.cpp" />
		<Unit filename="src/assembly/syntax/calculate/T100SentenceNot.cpp" />
		<Unit filename="src/assembly/syntax/calculate/T100SentenceOr.cpp" />
		<Unit filename="src/assembly/syntax/calculate/T100SentenceSub.cpp" />
		<Unit filename="src/assembly/syntax/calculate/T100SentenceXor.cpp" />
		<Unit filename="src/assembly/syntax/control/T100SentenceCmt.cpp" />
		<Unit filename="src/assembly/syntax/control/T100SentenceDebug.cpp" />
		<Unit filename="src/assembly/syntax/control/T100SentenceHalt.cpp" />
		<Unit filename="src/assembly/syntax/control/T100SentenceLock.cpp" />
		<Unit filename="src/assembly/syntax/control/T100SentenceNop.cpp" />
		<Unit filename="src/assembly/syntax/control/T100SentenceUnlock.cpp" />
		<Unit filename="src/assembly/syntax/program/T100SentenceCall.cpp" />
		<Unit filename="src/assembly/syntax/program/T100SentenceInt.cpp" />
		<Unit filename="src/assembly/syntax/program/T100SentenceIret.cpp" />
		<Unit filename="src/assembly/syntax/program/T100SentenceJnz.cpp" />
		<Unit filename="src/assembly/syntax/program/T100SentenceJump.cpp" />
		<Unit filename="src/assembly/syntax/program/T100SentenceJz.cpp" />
		<Unit filename="src/assembly/syntax/program/T100SentenceLoop.cpp" />
		<Unit filename="src/assembly/syntax/program/T100SentenceRet.cpp" />
		<Unit filename="src/assembly/syntax/transfer/T100SentenceCopy.cpp" />
		<Unit filename="src/assembly/syntax/transfer/T100SentenceIn.cpp" />
		<Unit filename="src/assembly/syntax/transfer/T100SentenceLoad.cpp" />
		<Unit filename="src/assembly/syntax/transfer/T100SentenceMove.cpp" />
		<Unit filename="src/assembly/syntax/transfer/T100SentenceOut.cpp" />
		<Unit filename="src/assembly/syntax/transfer/T100SentenceStore.cpp" />
		<Unit filename="src/component/T100Scanner.cpp" />
		<Unit filename="src/component/T100Token.cpp" />
		<Unit filename="src/component/T100VFS.cpp" />
		<Unit filename="src/data/cmdline/T100CmdLineCharToken.cpp" />
		<Unit filename="src/data/cmdline/T100CmdLineExec.cpp" />
		<Unit filename="src/data/cmdline/T100CmdLineInfo.cpp" />
		<Unit filename="src/data/cmdline/T100CmdLineOption.cpp" />
		<Unit filename="src/data/cmdline/T100CmdLineParam.cpp" />
		<Unit filename="src/data/cmdline/T100CmdLineResult.cpp" />
		<Unit filename="src/data/cmdline/T100CmdLineStringToken.cpp" />
		<Unit filename="src/data/cmdline/T100CmdLineSwitch.cpp" />
		<Unit filename="src/editor/T100Editor.cpp" />
		<Unit filename="src/font/T100FontBuilder.cpp" />
		<Unit filename="src/ide/T100IDE.cpp" />
		<Unit filename="src/library/T100App.cpp" />
		<Unit filename="src/library/T100AppManager.cpp" />
		<Unit filename="src/library/T100AppSetup.cpp" />
		<Unit filename="src/library/T100Callback.cpp" />
		<Unit filename="src/library/T100CapacityTools.cpp" />
		<Unit filename="src/library/T100Class.cpp" />
		<Unit filename="src/library/T100Clock.cpp" />
		<Unit filename="src/library/T100DataStructureTools.cpp" />
		<Unit filename="src/library/T100DirectoryEntry.cpp" />
		<Unit filename="src/library/T100Error.cpp" />
		<Unit filename="src/library/T100File.cpp" />
		<Unit filename="src/library/T100FileReader.cpp" />
		<Unit filename="src/library/T100FileStream.cpp" />
		<Unit filename="src/library/T100FileTools.cpp" />
		<Unit filename="src/library/T100FileWriter.cpp" />
		<Unit filename="src/library/T100Folder.cpp" />
		<Unit filename="src/library/T100Help.cpp" />
		<Unit filename="src/library/T100Hint.cpp" />
		<Unit filename="src/library/T100Leak.cpp" />
		<Unit filename="src/library/T100Library.cpp" />
		<Unit filename="src/library/T100PathTools.cpp" />
		<Unit filename="src/library/T100Reader.cpp" />
		<Unit filename="src/library/T100Setup.cpp" />
		<Unit filename="src/library/T100Stream.cpp" />
		<Unit filename="src/library/T100String.cpp" />
		<Unit filename="src/library/T100String32.cpp" />
		<Unit filename="src/library/T100String32Tools.cpp" />
		<Unit filename="src/library/T100StringEqual.cpp" />
		<Unit filename="src/library/T100StringHash.cpp" />
		<Unit filename="src/library/T100StringTools.cpp" />
		<Unit filename="src/library/T100Test.cpp" />
		<Unit filename="src/library/T100TestTools.cpp" />
		<Unit filename="src/library/T100TextFile.cpp" />
		<Unit filename="src/library/T100TextFileReader.cpp" />
		<Unit filename="src/library/T100TextFileWriter.cpp" />
		<Unit filename="src/library/T100Thread.cpp" />
		<Unit filename="src/library/T100Timer.cpp" />
		<Unit filename="src/library/T100Unicode.cpp" />
		<Unit filename="src/library/T100Writer.cpp" />
		<Unit filename="src/library/cmdline/T100CmdLineCharScanner.cpp" />
		<Unit filename="src/library/cmdline/T100CmdLineParser.cpp" />
		<Unit filename="src/library/cmdline/T100CmdLineStringScanner.cpp" />
		<Unit filename="src/library/console/T100Console.cpp" />
		<Unit filename="src/library/console/T100ConsoleBase.cpp" />
		<Unit filename="src/library/console/T100ConsoleLinux.cpp" />
		<Unit filename="src/library/console/T100ConsoleLog.cpp" />
		<Unit filename="src/library/console/T100ConsoleWindows.cpp" />
		<Unit filename="src/library/log/T100Log.cpp" />
		<Unit filename="src/library/log/T100LogBase.cpp" />
		<Unit filename="src/library/log/T100LogConsole.cpp" />
		<Unit filename="src/library/log/T100LogFile.cpp" />
		<Unit filename="src/vdisk/T100VDiskApp.cpp" />
		<Unit filename="src/vpc/T100VPC.cpp" />
		<Unit filename="src/vpc/data/T100AUDeviceInfo.cpp" />
		<Unit filename="src/vpc/data/T100CUDeviceInfo.cpp" />
		<Unit filename="src/vpc/data/T100DeviceInfo.cpp" />
		<Unit filename="src/vpc/data/T100DiskInfo.cpp" />
		<Unit filename="src/vpc/data/T100DisplayInfo.cpp" />
		<Unit filename="src/vpc/data/T100EventData.cpp" />
		<Unit filename="src/vpc/data/T100KeyboardInfo.cpp" />
		<Unit filename="src/vpc/data/T100MemoryInfo.cpp" />
		<Unit filename="src/vpc/data/T100MouseInfo.cpp" />
		<Unit filename="src/vpc/data/T100PortDeviceInfo.cpp" />
		<Unit filename="src/vpc/data/T100RegisterEventData.cpp" />
		<Unit filename="src/vpc/device/T100AUDevice.cpp" />
		<Unit filename="src/vpc/device/T100BlockDevice.cpp" />
		<Unit filename="src/vpc/device/T100CUDevice.cpp" />
		<Unit filename="src/vpc/device/T100Device.cpp" />
		<Unit filename="src/vpc/device/T100Disk.cpp" />
		<Unit filename="src/vpc/device/T100Display.cpp" />
		<Unit filename="src/vpc/device/T100DisplayBlockDevice.cpp" />
		<Unit filename="src/vpc/device/T100DisplayPageDevice.cpp" />
		<Unit filename="src/vpc/device/T100Keyboard.cpp" />
		<Unit filename="src/vpc/device/T100MemoryDevice.cpp" />
		<Unit filename="src/vpc/device/T100Mouse.cpp" />
		<Unit filename="src/vpc/device/T100PageDevice.cpp" />
		<Unit filename="src/vpc/device/T100PortDevice.cpp" />
		<Unit filename="src/vpc/order/T100Order.cpp" />
		<Unit filename="src/vpc/order/calculate/T100OrderAdd.cpp" />
		<Unit filename="src/vpc/order/calculate/T100OrderAnd.cpp" />
		<Unit filename="src/vpc/order/calculate/T100OrderDiv.cpp" />
		<Unit filename="src/vpc/order/calculate/T100OrderMul.cpp" />
		<Unit filename="src/vpc/order/calculate/T100OrderNot.cpp" />
		<Unit filename="src/vpc/order/calculate/T100OrderOr.cpp" />
		<Unit filename="src/vpc/order/calculate/T100OrderSub.cpp" />
		<Unit filename="src/vpc/order/calculate/T100OrderXor.cpp" />
		<Unit filename="src/vpc/order/control/T100OrderCmt.cpp" />
		<Unit filename="src/vpc/order/control/T100OrderDebug.cpp" />
		<Unit filename="src/vpc/order/control/T100OrderHalt.cpp" />
		<Unit filename="src/vpc/order/control/T100OrderLock.cpp" />
		<Unit filename="src/vpc/order/control/T100OrderNop.cpp" />
		<Unit filename="src/vpc/order/control/T100OrderUnlock.cpp" />
		<Unit filename="src/vpc/order/program/T100OrderCall.cpp" />
		<Unit filename="src/vpc/order/program/T100OrderInt.cpp" />
		<Unit filename="src/vpc/order/program/T100OrderIret.cpp" />
		<Unit filename="src/vpc/order/program/T100OrderJnz.cpp" />
		<Unit filename="src/vpc/order/program/T100OrderJump.cpp" />
		<Unit filename="src/vpc/order/program/T100OrderJz.cpp" />
		<Unit filename="src/vpc/order/program/T100OrderLoop.cpp" />
		<Unit filename="src/vpc/order/program/T100OrderRet.cpp" />
		<Unit filename="src/vpc/order/transfer/T100OrderCopy.cpp" />
		<Unit filename="src/vpc/order/transfer/T100OrderIn.cpp" />
		<Unit filename="src/vpc/order/transfer/T100OrderLoad.cpp" />
		<Unit filename="src/vpc/order/transfer/T100OrderMove.cpp" />
		<Unit filename="src/vpc/order/transfer/T100OrderOut.cpp" />
		<Unit filename="src/vpc/order/transfer/T100OrderStore.cpp" />
		<Unit filename="src/vpc/qu32/T100AU32.cpp" />
		<Unit filename="src/vpc/qu32/T100CU32.cpp" />
		<Unit filename="src/vpc/qu32/T100Executor32.cpp" />
		<Unit filename="src/vpc/qu32/T100Interrupt32.cpp" />
		<Unit filename="src/vpc/qu32/T100Memory32.cpp" />
		<Unit filename="src/vpc/qu32/T100Port32.cpp" />
		<Unit filename="src/vpc/qu32/T100QU32.cpp" />
		<Unit filename="src/vpc/qu32/T100QU32Interface.cpp" />
		<Unit filename="src/vpc/qu32/T100QU32Notifier.cpp" />
		<Unit filename="src/vpc/qu32/T100QU32Setup.cpp" />
		<Unit filename="src/vpc/qu32/T100QU32Timer.cpp" />
		<Unit filename="src/vpc/qu32/T100Register32.cpp" />
		<Unit filename="src/vpc/serve/T100VPCCallback.cpp" />
		<Unit filename="src/vpc/serve/T100VPCLink.cpp" />
		<Unit filename="src/vpc/serve/T100VPCServe.cpp" />
		<Unit filename="src/vpc/view/T100VPCView.cpp" />
		<Unit filename="src/wxwidgets/T100WxApp.cpp" />
		<Unit filename="src/wxwidgets/T100WxAppManager.cpp" />
		<Unit filename="stores/.gitkeep" />
		<Unit filename="test/.gitkeep" />
		<Unit filename="test/T100AppTest.cpp" />
		<Unit filename="test/T100AppTest.h" />
		<Unit filename="test/T100ThisAppTest.cpp" />
		<Unit filename="test/T100ThisAppTest.h" />
		<Unit filename="test/assembly/T100AssemblyScannerTest.cpp" />
		<Unit filename="test/assembly/T100AssemblyScannerTest.h" />
		<Unit filename="test/assembly/T100AssemblyTest.cpp" />
		<Unit filename="test/assembly/T100AssemblyTest.h" />
		<Unit filename="test/assembly/T100AssemblyTestHint.cpp" />
		<Unit filename="test/assembly/T100AssemblyTestHint.h" />
		<Unit filename="test/library/T100LibraryTest.cpp" />
		<Unit filename="test/library/T100LibraryTest.h" />
		<Unit filename="test/library/T100LibraryTestHint.cpp" />
		<Unit filename="test/library/T100LibraryTestHint.h" />
		<Unit filename="test/library/T100LogTest.cpp" />
		<Unit filename="test/library/T100LogTest.h" />
		<Unit filename="test/library/T100StringTest.cpp" />
		<Unit filename="test/library/T100StringTest.h" />
		<Unit filename="work/.gitkeep" />
		<Unit filename="work/AOS/rom/rom.txt" />
		<Unit filename="wxsmith/T100frame.wxs" />
		<Extensions>
			<lib_finder disable_auto="1" />
			<wxsmith version="1">
				<gui name="wxWidgets" src="T100App.cpp" main="T100Frame" init_handlers="necessary" language="CPP" />
				<resources>
					<wxFrame wxs="wxsmith/T100frame.wxs" src="T100Main.cpp" hdr="T100Main.h" fwddecl="0" i18n="1" name="T100Frame" language="CPP" />
				</resources>
			</wxsmith>
		</Extensions>
	</Project>
</CodeBlocks_project_file>
