<?xml version="1.0" encoding="UTF-8" standalone="yes" ?>
<CodeBlocks_project_file>
	<FileVersion major="1" minor="6" />
	<Project>
		<Option title="T100" />
		<Option pch_mode="2" />
		<Option compiler="gcc" />
		<Build>
			<Target title="Debug">
				<Option output="bin/Debug/T100" prefix_auto="1" extension_auto="1" />
				<Option object_output="obj/Debug/" />
				<Option type="1" />
				<Option compiler="gcc" />
				<Option projectLinkerOptionsRelation="2" />
				<Compiler>
					<Add option="-g" />
					<Add option="-D__WXDEBUG__" />
					<Add directory="$(#wx)/lib/gcc_dll/mswud" />
					<Add directory="include/common" />
					<Add directory="include/libaray" />
					<Add directory="include/library" />
					<Add directory="include/assembly" />
					<Add directory="include/component" />
					<Add directory="test" />
					<Add directory="include/font" />
					<Add directory="include/vdisk" />
					<Add directory="include/vpc" />
					<Add directory="include/editor" />
					<Add directory="include/ide" />
					<Add directory="include/al" />
					<Add directory="include/assembly/scanner" />
					<Add directory="include/library/log" />
					<Add directory="include/wxwidgets" />
					<Add directory="include/app" />
					<Add directory="include" />
					<Add directory="test/library" />
					<Add directory="include/library/console" />
					<Add directory="include/assembly/data" />
					<Add directory="include/data/cmdline" />
					<Add directory="include/library/cmdline" />
					<Add directory="test/assembly" />
				</Compiler>
				<ResourceCompiler>
					<Add directory="$(#wx)/lib/gcc_dll/mswud" />
				</ResourceCompiler>
				<Linker>
					<Add library="libwxmsw30ud.a" />
					<Add directory="$(#wx)/lib/gcc_dll" />
				</Linker>
			</Target>
			<Target title="Release">
				<Option output="bin/Release/T100" prefix_auto="1" extension_auto="1" />
				<Option object_output="obj/Release/" />
				<Option type="0" />
				<Option compiler="gcc" />
				<Option projectLinkerOptionsRelation="2" />
				<Compiler>
					<Add option="-O2" />
					<Add directory="$(#wx)/lib/gcc_dll/mswu" />
					<Add directory="include/common" />
					<Add directory="include/libaray" />
					<Add directory="include/library" />
					<Add directory="include/assembly" />
					<Add directory="include/component" />
					<Add directory="test" />
					<Add directory="include/font" />
					<Add directory="include/vdisk" />
					<Add directory="include/vpc" />
					<Add directory="include/editor" />
					<Add directory="include/ide" />
					<Add directory="include/al" />
					<Add directory="include/assembly/scanner" />
					<Add directory="include/library/log" />
					<Add directory="include/wxwidgets" />
					<Add directory="include/app" />
					<Add directory="test/library" />
					<Add directory="include/library/console" />
					<Add directory="include/assembly/data" />
					<Add directory="include/data/cmdline" />
					<Add directory="include/library/cmdline" />
					<Add directory="test/assembly" />
				</Compiler>
				<ResourceCompiler>
					<Add directory="$(#wx)/lib/gcc_dll/mswu" />
				</ResourceCompiler>
				<Linker>
					<Add option="-s" />
					<Add library="libwxmsw30u.a" />
					<Add directory="$(#wx)/lib/gcc_dll" />
				</Linker>
			</Target>
		</Build>
		<Compiler>
			<Add option="-pipe" />
			<Add option="-mthreads" />
			<Add option="-D__GNUWIN32__" />
			<Add option="-D__WXMSW__" />
			<Add option="-DWXUSINGDLL" />
			<Add option="-DwxUSE_UNICODE" />
			<Add option="-Wall" />
			<Add directory="$(#wx)/include" />
		</Compiler>
		<ResourceCompiler>
			<Add directory="$(#wx)/include" />
		</ResourceCompiler>
		<Linker>
			<Add option="-mthreads" />
		</Linker>
		<Unit filename="T100App.cpp" />
		<Unit filename="T100App.h" />
		<Unit filename="T100Main.cpp" />
		<Unit filename="T100Main.h" />
		<Unit filename="build/.gitkeep" />
		<Unit filename="docs/.gitkeep" />
		<Unit filename="docs/T100.txt" />
		<Unit filename="docs/T100Frame.txt" />
		<Unit filename="docs/T100Glossary.txt" />
		<Unit filename="docs/T100Naming.txt" />
		<Unit filename="docs/assembly/T100Addressing.txt" />
		<Unit filename="docs/assembly/T100Keyword.txt" />
		<Unit filename="docs/assembly/T100Order.txt" />
		<Unit filename="include/al/T100AL.h" />
		<Unit filename="include/app/T100ThisAppManager.h" />
		<Unit filename="include/app/T100ThisAppSetup.h" />
		<Unit filename="include/assembly/T100Assembly.h" />
		<Unit filename="include/assembly/data/T100BuildInfo.h" />
		<Unit filename="include/assembly/data/T100ParseInfo.h" />
		<Unit filename="include/assembly/data/T100ProduceInfo.h" />
		<Unit filename="include/assembly/scanner/T100ByteScanner.h" />
		<Unit filename="include/assembly/scanner/T100ByteToken.h" />
		<Unit filename="include/common/T100BitTypes.h" />
		<Unit filename="include/common/T100Common.h" />
		<Unit filename="include/common/T100DataStructure.h" />
		<Unit filename="include/common/T100DataTypes.h" />
		<Unit filename="include/common/T100GraphicCommon.h" />
		<Unit filename="include/common/T100SourceTypes.h" />
		<Unit filename="include/common/T100StringTypes.h" />
		<Unit filename="include/common/T100UnicodeCommon.h" />
		<Unit filename="include/component/T100Scanner.h" />
		<Unit filename="include/component/T100Token.h" />
		<Unit filename="include/component/T100TokenTypes.h" />
		<Unit filename="include/component/T100VFS.h" />
		<Unit filename="include/data/cmdline/T100CmdLineCharToken.h" />
		<Unit filename="include/data/cmdline/T100CmdLineExec.h" />
		<Unit filename="include/data/cmdline/T100CmdLineInfo.h" />
		<Unit filename="include/data/cmdline/T100CmdLineOption.h" />
		<Unit filename="include/data/cmdline/T100CmdLineParam.h" />
		<Unit filename="include/data/cmdline/T100CmdLineStringToken.h" />
		<Unit filename="include/data/cmdline/T100CmdLineSwitch.h" />
		<Unit filename="include/editor/T100Editor.h" />
		<Unit filename="include/font/T100FontBuilder.h" />
		<Unit filename="include/ide/T100IDE.h" />
		<Unit filename="include/library/T100App.h" />
		<Unit filename="include/library/T100AppManager.h" />
		<Unit filename="include/library/T100AppSetup.h" />
		<Unit filename="include/library/T100Buffer.h" />
		<Unit filename="include/library/T100Callback.h" />
		<Unit filename="include/library/T100CapacityTools.h" />
		<Unit filename="include/library/T100Class.h" />
		<Unit filename="include/library/T100Clock.h" />
		<Unit filename="include/library/T100DataStructureTools.h" />
		<Unit filename="include/library/T100DirectoryEntry.h" />
		<Unit filename="include/library/T100DiskCommon.h" />
		<Unit filename="include/library/T100Error.h" />
		<Unit filename="include/library/T100File.h" />
		<Unit filename="include/library/T100FileCommon.h" />
		<Unit filename="include/library/T100FileReader.h" />
		<Unit filename="include/library/T100FileStream.h" />
		<Unit filename="include/library/T100FileTools.h" />
		<Unit filename="include/library/T100FileWriter.h" />
		<Unit filename="include/library/T100Folder.h" />
		<Unit filename="include/library/T100Help.h" />
		<Unit filename="include/library/T100Hint.h" />
		<Unit filename="include/library/T100Leak.h" />
		<Unit filename="include/library/T100Library.h" />
		<Unit filename="include/library/T100PathTools.h" />
		<Unit filename="include/library/T100Reader.h" />
		<Unit filename="include/library/T100Setup.h" />
		<Unit filename="include/library/T100Stream.h" />
		<Unit filename="include/library/T100String.h" />
		<Unit filename="include/library/T100String32.h" />
		<Unit filename="include/library/T100String32Common.h" />
		<Unit filename="include/library/T100String32Tools.h" />
		<Unit filename="include/library/T100StringCommon.h" />
		<Unit filename="include/library/T100StringEqual.h" />
		<Unit filename="include/library/T100StringHash.h" />
		<Unit filename="include/library/T100StringTools.h" />
		<Unit filename="include/library/T100Test.h" />
		<Unit filename="include/library/T100TestCommon.h" />
		<Unit filename="include/library/T100TestTools.h" />
		<Unit filename="include/library/T100Thread.h" />
		<Unit filename="include/library/T100Timer.h" />
		<Unit filename="include/library/T100Unicode.h" />
		<Unit filename="include/library/T100Vessel.h" />
		<Unit filename="include/library/T100Writer.h" />
		<Unit filename="include/library/cmdline/T100CmdLineCharScanner.h" />
		<Unit filename="include/library/cmdline/T100CmdLineCommon.h" />
		<Unit filename="include/library/cmdline/T100CmdLineStringScanner.h" />
		<Unit filename="include/library/console/T100Console.h" />
		<Unit filename="include/library/console/T100ConsoleBase.h" />
		<Unit filename="include/library/console/T100ConsoleCommon.h" />
		<Unit filename="include/library/console/T100ConsoleLinux.h" />
		<Unit filename="include/library/console/T100ConsoleLog.h" />
		<Unit filename="include/library/console/T100ConsoleWindows.h" />
		<Unit filename="include/library/log/T100Log.h" />
		<Unit filename="include/library/log/T100LogBase.h" />
		<Unit filename="include/library/log/T100LogCommon.h" />
		<Unit filename="include/library/log/T100LogConsole.h" />
		<Unit filename="include/library/log/T100LogFile.h" />
		<Unit filename="include/vdisk/T100VDiskApp.h" />
		<Unit filename="include/vpc/T100VPC.h" />
		<Unit filename="include/wxwidgets/T100WxApp.h" />
		<Unit filename="include/wxwidgets/T100WxAppManager.h" />
		<Unit filename="licence.txt" />
		<Unit filename="logs/.gitkeep" />
		<Unit filename="resource.rc">
			<Option compilerVar="WINDRES" />
		</Unit>
		<Unit filename="resources/.gitkeep" />
		<Unit filename="scripts/.gitkeep" />
		<Unit filename="src/al/T100AL.cpp" />
		<Unit filename="src/app/T100ThisAppManager.cpp" />
		<Unit filename="src/app/T100ThisAppSetup.cpp" />
		<Unit filename="src/assembly/T100Assembly.cpp" />
		<Unit filename="src/assembly/data/T100BuildInfo.cpp" />
		<Unit filename="src/assembly/data/T100ParseInfo.cpp" />
		<Unit filename="src/assembly/data/T100ProduceInfo.cpp" />
		<Unit filename="src/assembly/scanner/T100ByteScanner.cpp" />
		<Unit filename="src/assembly/scanner/T100ByteToken.cpp" />
		<Unit filename="src/component/T100Scanner.cpp" />
		<Unit filename="src/component/T100Token.cpp" />
		<Unit filename="src/component/T100VFS.cpp" />
		<Unit filename="src/data/cmdline/T100CmdLineCharToken.cpp" />
		<Unit filename="src/data/cmdline/T100CmdLineExec.cpp" />
		<Unit filename="src/data/cmdline/T100CmdLineInfo.cpp" />
		<Unit filename="src/data/cmdline/T100CmdLineOption.cpp" />
		<Unit filename="src/data/cmdline/T100CmdLineParam.cpp" />
		<Unit filename="src/data/cmdline/T100CmdLineStringToken.cpp" />
		<Unit filename="src/data/cmdline/T100CmdLineSwitch.cpp" />
		<Unit filename="src/editor/T100Editor.cpp" />
		<Unit filename="src/font/T100FontBuilder.cpp" />
		<Unit filename="src/ide/T100IDE.cpp" />
		<Unit filename="src/library/T100App.cpp" />
		<Unit filename="src/library/T100AppManager.cpp" />
		<Unit filename="src/library/T100AppSetup.cpp" />
		<Unit filename="src/library/T100Callback.cpp" />
		<Unit filename="src/library/T100CapacityTools.cpp" />
		<Unit filename="src/library/T100Class.cpp" />
		<Unit filename="src/library/T100Clock.cpp" />
		<Unit filename="src/library/T100DataStructureTools.cpp" />
		<Unit filename="src/library/T100DirectoryEntry.cpp" />
		<Unit filename="src/library/T100Error.cpp" />
		<Unit filename="src/library/T100File.cpp" />
		<Unit filename="src/library/T100FileReader.cpp" />
		<Unit filename="src/library/T100FileStream.cpp" />
		<Unit filename="src/library/T100FileTools.cpp" />
		<Unit filename="src/library/T100FileWriter.cpp" />
		<Unit filename="src/library/T100Folder.cpp" />
		<Unit filename="src/library/T100Help.cpp" />
		<Unit filename="src/library/T100Hint.cpp" />
		<Unit filename="src/library/T100Leak.cpp" />
		<Unit filename="src/library/T100Library.cpp" />
		<Unit filename="src/library/T100PathTools.cpp" />
		<Unit filename="src/library/T100Reader.cpp" />
		<Unit filename="src/library/T100Setup.cpp" />
		<Unit filename="src/library/T100Stream.cpp" />
		<Unit filename="src/library/T100String.cpp" />
		<Unit filename="src/library/T100String32.cpp" />
		<Unit filename="src/library/T100String32Tools.cpp" />
		<Unit filename="src/library/T100StringEqual.cpp" />
		<Unit filename="src/library/T100StringHash.cpp" />
		<Unit filename="src/library/T100StringTools.cpp" />
		<Unit filename="src/library/T100Test.cpp" />
		<Unit filename="src/library/T100TestTools.cpp" />
		<Unit filename="src/library/T100Thread.cpp" />
		<Unit filename="src/library/T100Timer.cpp" />
		<Unit filename="src/library/T100Unicode.cpp" />
		<Unit filename="src/library/T100Writer.cpp" />
		<Unit filename="src/library/cmdline/T100CmdLineCharScanner.cpp" />
		<Unit filename="src/library/cmdline/T100CmdLineStringScanner.cpp" />
		<Unit filename="src/library/console/T100Console.cpp" />
		<Unit filename="src/library/console/T100ConsoleBase.cpp" />
		<Unit filename="src/library/console/T100ConsoleLinux.cpp" />
		<Unit filename="src/library/console/T100ConsoleLog.cpp" />
		<Unit filename="src/library/console/T100ConsoleWindows.cpp" />
		<Unit filename="src/library/log/T100Log.cpp" />
		<Unit filename="src/library/log/T100LogBase.cpp" />
		<Unit filename="src/library/log/T100LogConsole.cpp" />
		<Unit filename="src/library/log/T100LogFile.cpp" />
		<Unit filename="src/vdisk/T100VDiskApp.cpp" />
		<Unit filename="src/vpc/T100VPC.cpp" />
		<Unit filename="src/wxwidgets/T100WxApp.cpp" />
		<Unit filename="src/wxwidgets/T100WxAppManager.cpp" />
		<Unit filename="stores/.gitkeep" />
		<Unit filename="test/.gitkeep" />
		<Unit filename="test/T100AppTest.cpp" />
		<Unit filename="test/T100AppTest.h" />
		<Unit filename="test/T100ThisAppTest.cpp" />
		<Unit filename="test/T100ThisAppTest.h" />
		<Unit filename="test/assembly/T100AssemblyScannerTest.cpp" />
		<Unit filename="test/assembly/T100AssemblyScannerTest.h" />
		<Unit filename="test/assembly/T100AssemblyTest.cpp" />
		<Unit filename="test/assembly/T100AssemblyTest.h" />
		<Unit filename="test/assembly/T100AssemblyTestHint.cpp" />
		<Unit filename="test/assembly/T100AssemblyTestHint.h" />
		<Unit filename="test/library/T100LibraryTest.cpp" />
		<Unit filename="test/library/T100LibraryTest.h" />
		<Unit filename="test/library/T100LibraryTestHint.cpp" />
		<Unit filename="test/library/T100LibraryTestHint.h" />
		<Unit filename="test/library/T100LogTest.cpp" />
		<Unit filename="test/library/T100LogTest.h" />
		<Unit filename="test/library/T100StringTest.cpp" />
		<Unit filename="test/library/T100StringTest.h" />
		<Unit filename="work/.gitkeep" />
		<Unit filename="work/AOS/rom/rom.txt" />
		<Unit filename="wxsmith/T100frame.wxs" />
		<Extensions>
			<lib_finder disable_auto="1" />
			<wxsmith version="1">
				<gui name="wxWidgets" src="T100App.cpp" main="T100Frame" init_handlers="necessary" language="CPP" />
				<resources>
					<wxFrame wxs="wxsmith/T100frame.wxs" src="T100Main.cpp" hdr="T100Main.h" fwddecl="0" i18n="1" name="T100Frame" language="CPP" />
				</resources>
			</wxsmith>
		</Extensions>
	</Project>
</CodeBlocks_project_file>
