<?xml version="1.0" encoding="UTF-8" standalone="yes" ?>
<CodeBlocks_project_file>
	<FileVersion major="1" minor="6" />
	<Project>
		<Option title="T100WPainter" />
		<Option pch_mode="2" />
		<Option compiler="gcc" />
		<Build>
			<Target title="Debug">
				<Option output="bin/Debug/T100WPainter" prefix_auto="1" extension_auto="1" />
				<Option object_output="obj/Debug/" />
				<Option type="0" />
				<Option compiler="gcc" />
				<Option projectLinkerOptionsRelation="2" />
				<Compiler>
					<Add option="-g" />
					<Add option="-D__WXDEBUG__" />
					<Add directory="$(#wx)/lib/gcc_dll/mswud" />
					<Add directory="include/store" />
					<Add directory="include/serve" />
					<Add directory="include/view" />
					<Add directory="include" />
					<Add directory="include/diagram" />
					<Add directory="include/element" />
					<Add directory="include/data" />
					<Add directory="include/library" />
					<Add directory="." />
					<Add directory="include/element/graphics" />
					<Add directory="include/diagram/V1" />
					<Add directory="include/task" />
					<Add directory="include/state" />
					<Add directory="include/math" />
				</Compiler>
				<ResourceCompiler>
					<Add directory="$(#wx)/lib/gcc_dll/mswud" />
				</ResourceCompiler>
				<Linker>
					<Add library="libwxmsw30ud.a" />
					<Add directory="$(#wx)/lib/gcc_dll" />
				</Linker>
			</Target>
			<Target title="Release">
				<Option output="bin/Release/T100WPainter" prefix_auto="1" extension_auto="1" />
				<Option object_output="obj/Release/" />
				<Option type="0" />
				<Option compiler="gcc" />
				<Option projectLinkerOptionsRelation="2" />
				<Compiler>
					<Add option="-O2" />
					<Add directory="$(#wx)/lib/gcc_dll/mswu" />
					<Add directory="include/store" />
					<Add directory="include/serve" />
					<Add directory="include/view" />
					<Add directory="include" />
					<Add directory="include/diagram" />
					<Add directory="include/element" />
					<Add directory="include/data" />
					<Add directory="include/library" />
					<Add directory="include/element/graphics" />
					<Add directory="include/diagram/V1" />
					<Add directory="include/task" />
					<Add directory="include/state" />
					<Add directory="include/math" />
				</Compiler>
				<ResourceCompiler>
					<Add directory="$(#wx)/lib/gcc_dll/mswu" />
				</ResourceCompiler>
				<Linker>
					<Add option="-s" />
					<Add library="libwxmsw30u.a" />
					<Add directory="$(#wx)/lib/gcc_dll" />
				</Linker>
			</Target>
		</Build>
		<Compiler>
			<Add option="-pipe" />
			<Add option="-mthreads" />
			<Add option="-D__GNUWIN32__" />
			<Add option="-D__WXMSW__" />
			<Add option="-DWXUSINGDLL" />
			<Add option="-DwxUSE_UNICODE" />
			<Add option="-Wall" />
			<Add directory="$(#wx)/include" />
		</Compiler>
		<ResourceCompiler>
			<Add directory="$(#wx)/include" />
		</ResourceCompiler>
		<Linker>
			<Add option="-mthreads" />
		</Linker>
		<Unit filename="T100WPainterApp.cpp" />
		<Unit filename="T100WPainterApp.h" />
		<Unit filename="T100WPainterMain.cpp" />
		<Unit filename="T100WPainterMain.h" />
		<Unit filename="include/T100Common.h" />
		<Unit filename="include/T100WPainter.h" />
		<Unit filename="include/T100WPainterCallback.h" />
		<Unit filename="include/T100WPainterCommon.h" />
		<Unit filename="include/data/T100DiagramInfo.h" />
		<Unit filename="include/data/T100DiagramInfoV1.h" />
		<Unit filename="include/data/T100ElementInfo.h" />
		<Unit filename="include/diagram/T100Diagram.h" />
		<Unit filename="include/diagram/T100DiagramCommon.h" />
		<Unit filename="include/diagram/T100DiagramFile.h" />
		<Unit filename="include/diagram/T100DiagramFileSource.h" />
		<Unit filename="include/diagram/T100DiagramTransducer.h" />
		<Unit filename="include/diagram/T100DiagramTransducerSource.h" />
		<Unit filename="include/diagram/T100DiagramTransducerTarget.h" />
		<Unit filename="include/diagram/V1/T100DiagramFileV1.h" />
		<Unit filename="include/diagram/V1/T100DiagramFileV1Source.h" />
		<Unit filename="include/element/T100ElementBase.h" />
		<Unit filename="include/element/graphics/T100ElementCircle.h" />
		<Unit filename="include/element/graphics/T100ElementCircleSource.h" />
		<Unit filename="include/library/T100BufferedFile.h" />
		<Unit filename="include/library/T100File.h" />
		<Unit filename="include/library/T100FileCommon.h" />
		<Unit filename="include/library/T100State.h" />
		<Unit filename="include/library/T100ThreadTask.h" />
		<Unit filename="include/library/T100Unicode.h" />
		<Unit filename="include/math/T100Bivector.h" />
		<Unit filename="include/math/T100BivectorTools.h" />
		<Unit filename="include/serve/T100WPainterElementDrawer.h" />
		<Unit filename="include/serve/T100WPainterServe.h" />
		<Unit filename="include/state/T100WPainterCanvasStateEdit.h" />
		<Unit filename="include/state/T100WPainterCanvasStateNone.h" />
		<Unit filename="include/state/T100WPainterCanvasStatePaint.h" />
		<Unit filename="include/state/T100WPainterCanvasStateSelected.h" />
		<Unit filename="include/state/T100WPainterCanvasStateSizing.h" />
		<Unit filename="include/store/T100WPainterStore.h" />
		<Unit filename="include/task/T100WPainterElementsPanelLoadThreadTask.h" />
		<Unit filename="include/task/T100WPainterMenuNewThreadTask.h" />
		<Unit filename="include/task/T100WPainterMenuOpenThreadTask.h" />
		<Unit filename="include/task/T100WPainterMenuSaveAsThreadTask.h" />
		<Unit filename="include/task/T100WPainterMenuSaveThreadTask.h" />
		<Unit filename="include/task/T100WxEventData.h" />
		<Unit filename="include/task/T100WxThreadTask.h" />
		<Unit filename="include/view/T100WPainterCanvas.h" />
		<Unit filename="include/view/T100WPainterCanvasState.h" />
		<Unit filename="include/view/T100WPainterCanvasTransverter.h" />
		<Unit filename="include/view/T100WPainterElementsPanel.h" />
		<Unit filename="include/view/T100WPainterView.h" />
		<Unit filename="resource.rc">
			<Option compilerVar="WINDRES" />
		</Unit>
		<Unit filename="src/T100WPainter.cpp" />
		<Unit filename="src/T100WPainterCallback.cpp" />
		<Unit filename="src/data/T100DiagramInfo.cpp" />
		<Unit filename="src/data/T100DiagramInfoV1.cpp" />
		<Unit filename="src/data/T100ElementInfo.cpp" />
		<Unit filename="src/diagram/T100Diagram.cpp" />
		<Unit filename="src/diagram/T100DiagramFile.cpp" />
		<Unit filename="src/diagram/T100DiagramFileSource.cpp" />
		<Unit filename="src/diagram/T100DiagramTransducer.cpp" />
		<Unit filename="src/diagram/T100DiagramTransducerSource.cpp" />
		<Unit filename="src/diagram/T100DiagramTransducerTarget.cpp" />
		<Unit filename="src/diagram/V1/T100DiagramFileV1.cpp" />
		<Unit filename="src/diagram/V1/T100DiagramFileV1Source.cpp" />
		<Unit filename="src/element/T100ElementBase.cpp" />
		<Unit filename="src/element/graphics/T100ElementCircle.cpp" />
		<Unit filename="src/element/graphics/T100ElementCircleSource.cpp" />
		<Unit filename="src/library/T100BufferedFile.cpp" />
		<Unit filename="src/library/T100File.cpp" />
		<Unit filename="src/library/T100State.cpp" />
		<Unit filename="src/library/T100ThreadTask.cpp" />
		<Unit filename="src/library/T100Unicode.cpp" />
		<Unit filename="src/math/T100Bivector.cpp" />
		<Unit filename="src/math/T100BivectorTools.cpp" />
		<Unit filename="src/serve/T100WPainterElementDrawer.cpp" />
		<Unit filename="src/serve/T100WPainterServe.cpp" />
		<Unit filename="src/state/T100WPainterCanvasStateEdit.cpp" />
		<Unit filename="src/state/T100WPainterCanvasStateNone.cpp" />
		<Unit filename="src/state/T100WPainterCanvasStatePaint.cpp" />
		<Unit filename="src/state/T100WPainterCanvasStateSelected.cpp" />
		<Unit filename="src/state/T100WPainterCanvasStateSizing.cpp" />
		<Unit filename="src/store/T100WPainterStore.cpp" />
		<Unit filename="src/task/T100WPainterElementsPanelLoadThreadTask.cpp" />
		<Unit filename="src/task/T100WPainterMenuNewThreadTask.cpp" />
		<Unit filename="src/task/T100WPainterMenuOpenThreadTask.cpp" />
		<Unit filename="src/task/T100WPainterMenuSaveAsThreadTask.cpp" />
		<Unit filename="src/task/T100WPainterMenuSaveThreadTask.cpp" />
		<Unit filename="src/task/T100WxEventData.cpp" />
		<Unit filename="src/task/T100WxThreadTask.cpp" />
		<Unit filename="src/view/T100WPainterCanvas.cpp" />
		<Unit filename="src/view/T100WPainterCanvasState.cpp" />
		<Unit filename="src/view/T100WPainterCanvasTransverter.cpp" />
		<Unit filename="src/view/T100WPainterElementsPanel.cpp" />
		<Unit filename="src/view/T100WPainterView.cpp" />
		<Unit filename="wxsmith/T100WPainterElementsPanel.wxs" />
		<Unit filename="wxsmith/T100WPainterframe.wxs" />
		<Extensions>
			<lib_finder disable_auto="1" />
			<wxsmith version="1">
				<gui name="wxWidgets" src="T100WPainterApp.cpp" main="T100WPainterFrame" init_handlers="necessary" language="CPP" />
				<resources>
					<wxFrame wxs="wxsmith/T100WPainterframe.wxs" src="T100WPainterMain.cpp" hdr="T100WPainterMain.h" fwddecl="0" i18n="1" name="T100WPainterFrame" language="CPP" />
					<wxPanel wxs="wxsmith/T100WPainterElementsPanel.wxs" src="src\view\T100WPainterElementsPanel.cpp" hdr="include\view\T100WPainterElementsPanel.h" fwddecl="0" i18n="1" name="T100WPainterElementsPanel" language="CPP" />
				</resources>
			</wxsmith>
		</Extensions>
	</Project>
</CodeBlocks_project_file>
