<?xml version="1.0" encoding="UTF-8" standalone="yes" ?>
<CodeBlocks_project_file>
	<FileVersion major="1" minor="6" />
	<Project>
		<Option title="T100DX12Demo" />
		<Option pch_mode="2" />
		<Option compiler="gcc" />
		<Build>
			<Target title="Debug">
				<Option output="bin/Debug/T100DX12Demo" prefix_auto="1" extension_auto="1" />
				<Option object_output="obj/Debug/" />
				<Option type="1" />
				<Option compiler="gcc" />
				<Compiler>
					<Add option="-Wall" />
					<Add option="-std=c11" />
					<Add option="-g" />
					<Add option="-march=core2" />
					<Add option="-std=gnu++11" />
					<Add option="-D_XM_NO_INTRINSICS_" />
					<Add option="-DUNICODE" />
					<Add directory="include/gui" />
					<Add directory="include" />
					<Add directory="include/demo" />
					<Add directory="include/dx12" />
					<Add directory="." />
				</Compiler>
				<Linker>
					<Add library="C:/zoo/bin/llvm-mingw-20240518-msvcrt-x86_64/x86_64-w64-mingw32/lib/libdxguid.a" />
				</Linker>
			</Target>
			<Target title="Release">
				<Option output="bin/Release/T100DX12Demo" prefix_auto="1" extension_auto="1" />
				<Option object_output="obj/Release/" />
				<Option type="0" />
				<Option compiler="gcc" />
				<Compiler>
					<Add option="-O2" />
					<Add directory="include/gui" />
					<Add directory="include" />
					<Add directory="include/demo" />
					<Add directory="include/dx12" />
				</Compiler>
				<Linker>
					<Add option="-s" />
				</Linker>
			</Target>
			<Target title="Test">
				<Option output="bin/Debug/T100DX12Demo" prefix_auto="1" extension_auto="1" />
				<Option object_output="obj/Debug/" />
				<Option type="1" />
				<Option compiler="gcc" />
				<Compiler>
					<Add option="-Wall" />
					<Add option="-std=c11" />
					<Add option="-g" />
					<Add option="-march=core2" />
					<Add option="-std=gnu++11" />
					<Add option="-D_XM_NO_INTRINSICS_" />
					<Add option="-DUNICODE" />
					<Add directory="include/gui" />
					<Add directory="include" />
					<Add directory="include/demo" />
					<Add directory="include/dx12" />
					<Add directory="." />
				</Compiler>
				<Linker>
					<Add library="C:/zoo/bin/llvm-mingw-20240518-msvcrt-x86_64/x86_64-w64-mingw32/lib/libdxguid.a" />
				</Linker>
			</Target>
		</Build>
		<Compiler>
			<Add option="-Wall" />
		</Compiler>
		<Linker>
			<Add library="gdi32" />
			<Add library="user32" />
			<Add library="kernel32" />
			<Add library="comctl32" />
		</Linker>
		<Unit filename="DXSampleHelper.h" />
		<Unit filename="DirectXCollision.h" />
		<Unit filename="DirectXColors.h" />
		<Unit filename="DirectXMath.h" />
		<Unit filename="DirectXPackedVector.h" />
		<Unit filename="Win32Application.cpp" />
		<Unit filename="Win32Application.h" />
		<Unit filename="d3dx12.h" />
		<Unit filename="include/demo/T100Demo.h" />
		<Unit filename="include/demo/T100Resource.h" />
		<Unit filename="include/dx12/T100Camera.h" />
		<Unit filename="include/dx12/T100DX12.h" />
		<Unit filename="include/dx12/T100Timer.h" />
		<Unit filename="main.cpp" />
		<Unit filename="occcity.h" />
		<Unit filename="src/demo/T100Demo.cpp" />
		<Unit filename="src/demo/T100Resource.cpp" />
		<Unit filename="src/dx12/T100Camera.cpp" />
		<Unit filename="src/dx12/T100DX12.cpp" />
		<Unit filename="src/dx12/T100Timer.cpp" />
		<Unit filename="stdafx.cpp" />
		<Unit filename="stdafx.h" />
		<Extensions>
			<lib_finder disable_auto="1" />
		</Extensions>
	</Project>
</CodeBlocks_project_file>
