<?xml version="1.0" encoding="UTF-8" standalone="yes" ?>
<CodeBlocks_project_file>
	<FileVersion major="1" minor="6" />
	<Project>
		<Option title="T100DX12Demo" />
		<Option pch_mode="2" />
		<Option compiler="gcc" />
		<Build>
			<Target title="Debug">
				<Option output="bin/Debug/T100DX12Demo" prefix_auto="1" extension_auto="1" />
				<Option object_output="obj/Debug/" />
				<Option type="1" />
				<Option compiler="gcc" />
				<Compiler>
					<Add option="-g" />
					<Add directory="include/gui" />
					<Add directory="include" />
					<Add directory="include/demo" />
					<Add directory="include/dx12" />
				</Compiler>
			</Target>
			<Target title="Release">
				<Option output="bin/Release/T100DX12Demo" prefix_auto="1" extension_auto="1" />
				<Option object_output="obj/Release/" />
				<Option type="0" />
				<Option compiler="gcc" />
				<Compiler>
					<Add option="-O2" />
					<Add directory="include/gui" />
					<Add directory="include" />
					<Add directory="include/demo" />
					<Add directory="include/dx12" />
				</Compiler>
				<Linker>
					<Add option="-s" />
				</Linker>
			</Target>
		</Build>
		<Compiler>
			<Add option="-Wall" />
		</Compiler>
		<Linker>
			<Add library="gdi32" />
			<Add library="user32" />
			<Add library="kernel32" />
			<Add library="comctl32" />
		</Linker>
		<Unit filename="include/T100Common.h" />
		<Unit filename="include/demo/T100D3D12Bundles.h" />
		<Unit filename="include/demo/T100FrameResource.h" />
		<Unit filename="include/dx12/T100DXSample.h" />
		<Unit filename="include/dx12/T100DXSampleHelper.h" />
		<Unit filename="include/dx12/T100SimpleCamera.h" />
		<Unit filename="include/dx12/T100StepTimer.h" />
		<Unit filename="include/dx12/d3dx12.h" />
		<Unit filename="include/dx12/occcity.h" />
		<Unit filename="include/gui/T100App.h" />
		<Unit filename="include/gui/T100Window.h" />
		<Unit filename="main.cpp" />
		<Unit filename="src/demo/T100D3D12Bundles.cpp" />
		<Unit filename="src/demo/T100FrameResource.cpp" />
		<Unit filename="src/dx12/T100DXSample.cpp" />
		<Unit filename="src/dx12/T100SimpleCamera.cpp" />
		<Unit filename="src/dx12/T100StepTimer.cpp" />
		<Unit filename="src/gui/T100App.cpp" />
		<Unit filename="src/gui/T100Window.cpp" />
		<Extensions>
			<lib_finder disable_auto="1" />
		</Extensions>
	</Project>
</CodeBlocks_project_file>
