<?xml version="1.0" encoding="UTF-8" standalone="yes" ?>
<CodeBlocks_project_file>
	<FileVersion major="1" minor="6" />
	<Project>
		<Option title="T100Native" />
		<Option pch_mode="2" />
		<Option compiler="gcc" />
		<Build>
			<Target title="Debug">
				<Option output="bin/Debug/T100Native" prefix_auto="1" extension_auto="1" />
				<Option object_output="obj/Debug/" />
				<Option type="1" />
				<Option compiler="gcc" />
				<Compiler>
					<Add option="-g" />
					<Add directory="include/common" />
					<Add directory="include" />
					<Add directory="include/io/file" />
					<Add directory="include/string" />
					<Add directory="include/thread" />
					<Add directory="include/io" />
					<Add directory="include/io/file/binary" />
					<Add directory="include/console" />
					<Add directory="include/windows/console" />
					<Add directory="include/windows/dx12" />
					<Add directory="include/windows/gui" />
					<Add directory="include/test" />
					<Add directory="include/windows/d3d12" />
				</Compiler>
			</Target>
			<Target title="Release">
				<Option output="bin/Release/T100Native" prefix_auto="1" extension_auto="1" />
				<Option object_output="obj/Release/" />
				<Option type="1" />
				<Option compiler="gcc" />
				<Compiler>
					<Add option="-O2" />
					<Add directory="include/common" />
					<Add directory="include" />
					<Add directory="include/io/file" />
					<Add directory="include/string" />
					<Add directory="include/thread" />
					<Add directory="include/io" />
					<Add directory="include/io/file/binary" />
					<Add directory="include/console" />
					<Add directory="include/windows/console" />
					<Add directory="include/windows/dx12" />
					<Add directory="include/windows/gui" />
					<Add directory="include/test" />
					<Add directory="include/windows/d3d12" />
				</Compiler>
				<Linker>
					<Add option="-s" />
				</Linker>
			</Target>
			<Target title="Library">
				<Option output="../build/T100Native" prefix_auto="1" extension_auto="1" />
				<Option working_dir="" />
				<Option object_output="obj/Debug/" />
				<Option type="2" />
				<Option compiler="gcc" />
				<Compiler>
					<Add option="-g" />
					<Add option="-D__WINDOWS__" />
					<Add directory="include/common" />
					<Add directory="include" />
					<Add directory="include/io/file" />
					<Add directory="include/string" />
					<Add directory="include/thread" />
					<Add directory="include/io" />
					<Add directory="include/io/file/binary" />
					<Add directory="include/console" />
					<Add directory="include/windows/console" />
					<Add directory="include/windows/dx12" />
					<Add directory="include/windows/gui" />
					<Add directory="include/test" />
					<Add directory="include/windows/d3d12" />
				</Compiler>
			</Target>
			<Target title="Test">
				<Option output="bin/Debug/T100Native" prefix_auto="1" extension_auto="1" />
				<Option object_output="obj/Debug/" />
				<Option type="1" />
				<Option compiler="gcc" />
				<Compiler>
					<Add option="-g" />
					<Add directory="include/common" />
					<Add directory="include" />
					<Add directory="include/io/file" />
					<Add directory="include/string" />
					<Add directory="include/thread" />
					<Add directory="include/io" />
					<Add directory="include/io/file/binary" />
					<Add directory="include/console" />
					<Add directory="include/windows/console" />
					<Add directory="include/windows/dx12" />
					<Add directory="include/windows/gui" />
					<Add directory="include/test" />
					<Add directory="C:/ms/llvm-mingw/include" />
					<Add directory="C:/ms/DirectX-Graphics-Samples/Samples/Desktop/D3D12HelloWorld/src/packages/Microsoft.Direct3D.D3D12.1.613.1/build/native/include/d3dx12" />
					<Add directory="include/windows/d3d12" />
				</Compiler>
				<Linker>
					<Add library="C:/ms/llvm-mingw/x86_64-w64-mingw32/lib/libd3d12.a" />
					<Add library="C:/ms/llvm-mingw/x86_64-w64-mingw32/lib/libdxgi.a" />
				</Linker>
			</Target>
		</Build>
		<Compiler>
			<Add option="-Wall" />
			<Add option="-fexceptions" />
		</Compiler>
		<Unit filename="include/T100Common.h" />
		<Unit filename="include/common/T100DataTypes.h" />
		<Unit filename="include/common/T100StringTypes.h" />
		<Unit filename="include/console/T100Console.h" />
		<Unit filename="include/console/T100ConsoleBase.h" />
		<Unit filename="include/io/T100Reader.h" />
		<Unit filename="include/io/T100Writer.h" />
		<Unit filename="include/io/file/T100File.h" />
		<Unit filename="include/io/file/T100FileReader.h" />
		<Unit filename="include/io/file/T100FileWriter.h" />
		<Unit filename="include/io/file/binary/T100BinaryFileReader.h" />
		<Unit filename="include/string/T100String16.h" />
		<Unit filename="include/string/T100String16Equal.h" />
		<Unit filename="include/string/T100String16Hash.h" />
		<Unit filename="include/string/T100String32.h" />
		<Unit filename="include/string/T100Unicode.h" />
		<Unit filename="include/test/T100NativeTest.h" />
		<Unit filename="include/thread/T100Thread.h" />
		<Unit filename="include/windows/console/T100ConsoleWindows.h" />
		<Unit filename="include/windows/d3d12/T100D3D12.h" />
		<Unit filename="include/windows/d3d12/T100D3D12Helper.h" />
		<Unit filename="include/windows/dx12/T100DX12.h">
			<Option target="Debug" />
			<Option target="Release" />
			<Option target="Library" />
		</Unit>
		<Unit filename="include/windows/dx12/T100DX12Helper.h">
			<Option target="Debug" />
			<Option target="Release" />
			<Option target="Library" />
		</Unit>
		<Unit filename="include/windows/dx12/T100DX12Mesh.h">
			<Option target="Debug" />
			<Option target="Release" />
			<Option target="Library" />
		</Unit>
		<Unit filename="include/windows/dx12/directxmath.h" />
		<Unit filename="include/windows/gui/T100ApplicationWindow.h" />
		<Unit filename="main.cpp">
			<Option target="Debug" />
			<Option target="Release" />
		</Unit>
		<Unit filename="src/console/T100Console.cpp" />
		<Unit filename="src/console/T100ConsoleBase.cpp" />
		<Unit filename="src/io/T100Reader.cpp" />
		<Unit filename="src/io/T100Writer.cpp" />
		<Unit filename="src/io/file/T100File.cpp" />
		<Unit filename="src/io/file/T100FileReader.cpp" />
		<Unit filename="src/io/file/T100FileWriter.cpp" />
		<Unit filename="src/io/file/binary/T100BinaryFileReader.cpp" />
		<Unit filename="src/string/T100String16.cpp" />
		<Unit filename="src/string/T100String16Equal.cpp" />
		<Unit filename="src/string/T100String16Hash.cpp" />
		<Unit filename="src/string/T100String32.cpp" />
		<Unit filename="src/string/T100Unicode.cpp" />
		<Unit filename="src/test/T100NativeTest.cpp" />
		<Unit filename="src/test/main.cpp">
			<Option target="Test" />
		</Unit>
		<Unit filename="src/thread/T100Thread.cpp" />
		<Unit filename="src/windows/console/T100ConsoleWindows.cpp" />
		<Unit filename="src/windows/d3d12/T100D3D12.cpp" />
		<Unit filename="src/windows/dx12/T100DX12.cpp">
			<Option target="Debug" />
			<Option target="Release" />
			<Option target="Library" />
		</Unit>
		<Unit filename="src/windows/dx12/T100DX12Mesh.cpp">
			<Option target="Debug" />
			<Option target="Release" />
			<Option target="Library" />
		</Unit>
		<Unit filename="src/windows/gui/T100ApplicationWindow.cpp" />
		<Extensions>
			<lib_finder disable_auto="1" />
		</Extensions>
	</Project>
</CodeBlocks_project_file>
