<?xml version="1.0" encoding="UTF-8" standalone="yes" ?>
<CodeBlocks_project_file>
	<FileVersion major="1" minor="6" />
	<Project>
		<Option title="T100Painter" />
		<Option pch_mode="2" />
		<Option compiler="gcc" />
		<Build>
			<Target title="Debug">
				<Option output="bin/Debug/T100Painter" prefix_auto="1" extension_auto="1" />
				<Option object_output="obj/Debug/" />
				<Option type="0" />
				<Option compiler="gcc" />
				<Option projectLinkerOptionsRelation="2" />
				<Compiler>
					<Add option="-g" />
					<Add option="-D__WXDEBUG__" />
					<Add directory="$(#wx)/lib/gcc_dll/mswud" />
					<Add directory="include" />
					<Add directory="include/data" />
					<Add directory="include/diagram" />
					<Add directory="include/diagram/V1" />
					<Add directory="include/element/graphics" />
					<Add directory="include/element" />
					<Add directory="include/library" />
					<Add directory="include/math" />
					<Add directory="include/serve" />
					<Add directory="include/canvas" />
					<Add directory="include/store" />
					<Add directory="include/task" />
					<Add directory="include/view" />
				</Compiler>
				<ResourceCompiler>
					<Add directory="$(#wx)/lib/gcc_dll/mswud" />
				</ResourceCompiler>
				<Linker>
					<Add library="libwxmsw30ud.a" />
					<Add directory="$(#wx)/lib/gcc_dll" />
				</Linker>
			</Target>
			<Target title="Release">
				<Option output="bin/Release/T100Painter" prefix_auto="1" extension_auto="1" />
				<Option object_output="obj/Release/" />
				<Option type="0" />
				<Option compiler="gcc" />
				<Option projectLinkerOptionsRelation="2" />
				<Compiler>
					<Add option="-O2" />
					<Add directory="$(#wx)/lib/gcc_dll/mswu" />
					<Add directory="include" />
					<Add directory="include/data" />
					<Add directory="include/diagram" />
					<Add directory="include/diagram/V1" />
					<Add directory="include/element/graphics" />
					<Add directory="include/element" />
					<Add directory="include/library" />
					<Add directory="include/math" />
					<Add directory="include/serve" />
					<Add directory="include/canvas" />
					<Add directory="include/store" />
					<Add directory="include/task" />
					<Add directory="include/view" />
				</Compiler>
				<ResourceCompiler>
					<Add directory="$(#wx)/lib/gcc_dll/mswu" />
				</ResourceCompiler>
				<Linker>
					<Add option="-s" />
					<Add library="libwxmsw30u.a" />
					<Add directory="$(#wx)/lib/gcc_dll" />
				</Linker>
			</Target>
		</Build>
		<Compiler>
			<Add option="-pipe" />
			<Add option="-mthreads" />
			<Add option="-D__GNUWIN32__" />
			<Add option="-D__WXMSW__" />
			<Add option="-DWXUSINGDLL" />
			<Add option="-DwxUSE_UNICODE" />
			<Add option="-Wall" />
			<Add directory="$(#wx)/include" />
		</Compiler>
		<ResourceCompiler>
			<Add directory="$(#wx)/include" />
		</ResourceCompiler>
		<Linker>
			<Add option="-mthreads" />
		</Linker>
		<Unit filename="T100PainterApp.cpp" />
		<Unit filename="T100PainterApp.h" />
		<Unit filename="T100PainterMain.cpp" />
		<Unit filename="T100PainterMain.h" />
		<Unit filename="include/T100Common.h" />
		<Unit filename="include/T100DataTypes.h" />
		<Unit filename="include/T100Painter.h" />
		<Unit filename="include/T100PainterCallback.h" />
		<Unit filename="include/T100PainterCommon.h" />
		<Unit filename="include/T100StringTypes.h" />
		<Unit filename="include/canvas/T100Canvas.h" />
		<Unit filename="include/data/T100DiagramInfo.h" />
		<Unit filename="include/data/T100DiagramInfoV1.h" />
		<Unit filename="include/data/T100ElementInfo.h" />
		<Unit filename="include/diagram/T100Diagram.h" />
		<Unit filename="include/diagram/T100DiagramCommon.h" />
		<Unit filename="include/diagram/T100DiagramFile.h" />
		<Unit filename="include/diagram/T100DiagramFileSource.h" />
		<Unit filename="include/diagram/T100DiagramTransducer.h" />
		<Unit filename="include/diagram/T100DiagramTransducerSource.h" />
		<Unit filename="include/diagram/T100DiagramTransducerTarget.h" />
		<Unit filename="include/diagram/V1/T100DiagramFileV1.h" />
		<Unit filename="include/diagram/V1/T100DiagramFileV1Source.h" />
		<Unit filename="include/element/T100ElementBase.h" />
		<Unit filename="include/element/T100ElementCommon.h" />
		<Unit filename="include/element/T100ElementSource.h" />
		<Unit filename="include/element/graphics/T100ElementCircle.h" />
		<Unit filename="include/element/graphics/T100ElementCircleSource.h" />
		<Unit filename="include/library/T100BufferedFile.h" />
		<Unit filename="include/library/T100File.h" />
		<Unit filename="include/library/T100FileCommon.h" />
		<Unit filename="include/library/T100State.h" />
		<Unit filename="include/library/T100ThreadTask.h" />
		<Unit filename="include/library/T100Unicode.h" />
		<Unit filename="include/math/T100Bivector.h" />
		<Unit filename="include/math/T100BivectorTools.h" />
		<Unit filename="include/serve/T100PainterServe.h" />
		<Unit filename="include/store/T100PainterStore.h" />
		<Unit filename="include/task/T100WxEventData.h" />
		<Unit filename="include/task/T100WxThreadTask.h" />
		<Unit filename="include/view/T100PainterView.h" />
		<Unit filename="resource.rc">
			<Option compilerVar="WINDRES" />
		</Unit>
		<Unit filename="src/T100Painter.cpp" />
		<Unit filename="src/T100PainterCallback.cpp" />
		<Unit filename="src/canvas/T100Canvas.cpp" />
		<Unit filename="src/data/T100DiagramInfo.cpp" />
		<Unit filename="src/data/T100DiagramInfoV1.cpp" />
		<Unit filename="src/data/T100ElementInfo.cpp" />
		<Unit filename="src/diagram/T100Diagram.cpp" />
		<Unit filename="src/diagram/T100DiagramFile.cpp" />
		<Unit filename="src/diagram/T100DiagramFileSource.cpp" />
		<Unit filename="src/diagram/T100DiagramTransducer.cpp" />
		<Unit filename="src/diagram/T100DiagramTransducerSource.cpp" />
		<Unit filename="src/diagram/T100DiagramTransducerTarget.cpp" />
		<Unit filename="src/diagram/V1/T100DiagramFileV1.cpp" />
		<Unit filename="src/diagram/V1/T100DiagramFileV1Source.cpp" />
		<Unit filename="src/element/T100ElementBase.cpp" />
		<Unit filename="src/element/T100ElementSource.cpp" />
		<Unit filename="src/element/graphics/T100ElementCircle.cpp" />
		<Unit filename="src/element/graphics/T100ElementCircleSource.cpp" />
		<Unit filename="src/library/T100BufferedFile.cpp" />
		<Unit filename="src/library/T100File.cpp" />
		<Unit filename="src/library/T100State.cpp" />
		<Unit filename="src/library/T100ThreadTask.cpp" />
		<Unit filename="src/library/T100Unicode.cpp" />
		<Unit filename="src/math/T100Bivector.cpp" />
		<Unit filename="src/math/T100BivectorTools.cpp" />
		<Unit filename="src/serve/T100PainterServe.cpp" />
		<Unit filename="src/store/T100PainterStore.cpp" />
		<Unit filename="src/task/T100WxEventData.cpp" />
		<Unit filename="src/task/T100WxThreadTask.cpp" />
		<Unit filename="src/view/T100PainterView.cpp" />
		<Unit filename="wxsmith/T100Painterframe.wxs" />
		<Extensions>
			<lib_finder disable_auto="1" />
			<wxsmith version="1">
				<gui name="wxWidgets" src="T100PainterApp.cpp" main="T100PainterFrame" init_handlers="necessary" language="CPP" />
				<resources>
					<wxFrame wxs="wxsmith/T100Painterframe.wxs" src="T100PainterMain.cpp" hdr="T100PainterMain.h" fwddecl="0" i18n="1" name="T100PainterFrame" language="CPP" />
				</resources>
			</wxsmith>
		</Extensions>
	</Project>
</CodeBlocks_project_file>
