<?xml version="1.0" encoding="UTF-8" standalone="yes" ?>
<CodeBlocks_project_file>
	<FileVersion major="1" minor="6" />
	<Project>
		<Option title="T100" />
		<Option pch_mode="2" />
		<Option compiler="gcc" />
		<Build>
			<Target title="Debug">
				<Option output="bin/Debug/T100" prefix_auto="1" extension_auto="1" />
				<Option object_output="obj/Debug/" />
				<Option type="1" />
				<Option compiler="gcc" />
				<Compiler>
					<Add option="-g" />
					<Add directory="include/gui/event" />
					<Add directory="include/gui" />
					<Add directory="include/string" />
					<Add directory="include/gui/dialog" />
					<Add directory="include/gui/base" />
					<Add directory="include/gui/textctrl" />
				</Compiler>
				<Linker>
					<Add library="../../../../../../zoo/bin/llvm-mingw-20240518-msvcrt-x86_64/x86_64-w64-mingw32/lib/libcomdlg32.a" />
				</Linker>
			</Target>
			<Target title="Release">
				<Option output="bin/Release/T100" prefix_auto="1" extension_auto="1" />
				<Option object_output="obj/Release/" />
				<Option type="0" />
				<Option compiler="gcc" />
				<Compiler>
					<Add option="-O2" />
					<Add directory="include/gui/event" />
					<Add directory="include/gui" />
					<Add directory="include/string" />
					<Add directory="include/gui/dialog" />
					<Add directory="include/gui/base" />
					<Add directory="include/gui/textctrl" />
				</Compiler>
				<Linker>
					<Add option="-s" />
				</Linker>
			</Target>
			<Target title="Library">
				<Option output="../../build/T100" prefix_auto="1" extension_auto="1" />
				<Option working_dir="" />
				<Option object_output="obj/Debug/" />
				<Option type="2" />
				<Option compiler="gcc" />
				<Compiler>
					<Add option="-g" />
					<Add directory="include/gui/event" />
					<Add directory="include/gui" />
					<Add directory="include/string" />
					<Add directory="include/gui/dialog" />
					<Add directory="include/gui/base" />
					<Add directory="include/gui/textctrl" />
				</Compiler>
			</Target>
		</Build>
		<Compiler>
			<Add option="-Wall" />
			<Add option="-DUNICODE" />
			<Add directory="include" />
			<Add directory="../T100" />
		</Compiler>
		<Linker>
			<Add library="gdi32" />
			<Add library="user32" />
			<Add library="kernel32" />
			<Add library="comctl32" />
		</Linker>
		<Unit filename="include/T100Common.h" />
		<Unit filename="include/application/T100Application.h" />
		<Unit filename="include/base/T100Class.h" />
		<Unit filename="include/base/T100Object.h" />
		<Unit filename="include/common/T100ConsoleCommon.h" />
		<Unit filename="include/common/T100DataTypes.h" />
		<Unit filename="include/common/T100GraphicCommon.h" />
		<Unit filename="include/common/T100LogCommon.h" />
		<Unit filename="include/common/T100SourceTypes.h" />
		<Unit filename="include/common/T100StringTypes.h" />
		<Unit filename="include/console/T100AllConsoles.h" />
		<Unit filename="include/console/T100Console.h" />
		<Unit filename="include/console/T100ConsoleBase.h" />
		<Unit filename="include/console/T100ConsoleLinux.h" />
		<Unit filename="include/console/T100ConsoleWindows.h" />
		<Unit filename="include/gui/T100AllEvents.h" />
		<Unit filename="include/gui/T100Button.h" />
		<Unit filename="include/gui/T100ButtonStyle.h" />
		<Unit filename="include/gui/T100Canvas.h" />
		<Unit filename="include/gui/T100CanvasStyle.h" />
		<Unit filename="include/gui/T100DC.h" />
		<Unit filename="include/gui/T100DockInfo.h" />
		<Unit filename="include/gui/T100DockManager.h" />
		<Unit filename="include/gui/T100FileDialog.h" />
		<Unit filename="include/gui/T100FillLayout.h" />
		<Unit filename="include/gui/T100FontDialog.h" />
		<Unit filename="include/gui/T100FontTools.h" />
		<Unit filename="include/gui/T100Frame.h" />
		<Unit filename="include/gui/T100FrameStyle.h" />
		<Unit filename="include/gui/T100ListItem.h" />
		<Unit filename="include/gui/T100ListView.h" />
		<Unit filename="include/gui/T100Menu.h" />
		<Unit filename="include/gui/T100MenuBar.h" />
		<Unit filename="include/gui/T100MenuItem.h" />
		<Unit filename="include/gui/T100MessageBox.h" />
		<Unit filename="include/gui/T100Panel.h" />
		<Unit filename="include/gui/T100PanelStyle.h" />
		<Unit filename="include/gui/T100Start.h" />
		<Unit filename="include/gui/T100TextBoxStyle.h" />
		<Unit filename="include/gui/T100Win32Application.h" />
		<Unit filename="include/gui/T100WindowEvent.h" />
		<Unit filename="include/gui/application/T100Win32ApplicationBase.h" />
		<Unit filename="include/gui/base/T100Brush.h" />
		<Unit filename="include/gui/base/T100Caret.h" />
		<Unit filename="include/gui/base/T100Colour.h" />
		<Unit filename="include/gui/base/T100Pen.h" />
		<Unit filename="include/gui/base/T100Point.h" />
		<Unit filename="include/gui/base/T100Size.h" />
		<Unit filename="include/gui/base/T100Time.h" />
		<Unit filename="include/gui/common/T100DockCommon.h" />
		<Unit filename="include/gui/common/T100EventCommon.h" />
		<Unit filename="include/gui/common/T100MenuCommon.h" />
		<Unit filename="include/gui/common/T100WindowCommon.h" />
		<Unit filename="include/gui/control/T100Control.h" />
		<Unit filename="include/gui/data/T100WindowMessageData.h" />
		<Unit filename="include/gui/dc/T100DCBase.h" />
		<Unit filename="include/gui/dialog/T100Dialog.h" />
		<Unit filename="include/gui/dock/T100DockManagerBase.h" />
		<Unit filename="include/gui/event/T100ApplicationEventHandler.h" />
		<Unit filename="include/gui/event/T100CommandEvent.h" />
		<Unit filename="include/gui/event/T100Event.h" />
		<Unit filename="include/gui/event/T100EventBase.h" />
		<Unit filename="include/gui/event/T100EventHandler.h" />
		<Unit filename="include/gui/event/T100IDManager.h" />
		<Unit filename="include/gui/event/T100MenuEvent.h" />
		<Unit filename="include/gui/event/T100PaintEvent.h" />
		<Unit filename="include/gui/event/T100WindowEvent.h" />
		<Unit filename="include/gui/event/T100WindowEventHandler.h" />
		<Unit filename="include/gui/event/T100WindowMessageDispatcher.h" />
		<Unit filename="include/gui/font/T100Font.h" />
		<Unit filename="include/gui/frame/T100FrameBase.h" />
		<Unit filename="include/gui/layout/T100Layout.h" />
		<Unit filename="include/gui/menu/T100MenuItemBase.h" />
		<Unit filename="include/gui/style/T100DockPanelStyle.h" />
		<Unit filename="include/gui/textctrl/T100TextCtrl.h" />
		<Unit filename="include/gui/window/T100SelfLoopWindow.h" />
		<Unit filename="include/gui/window/T100Window.h" />
		<Unit filename="include/gui/window/T100WindowBase.h" />
		<Unit filename="include/gui/window/T100WindowStyle.h" />
		<Unit filename="include/log/T100LogBase.h" />
		<Unit filename="include/log/T100Logger.h" />
		<Unit filename="include/log/T100LoggerConsole.h" />
		<Unit filename="include/log/T100LoggerFile.h" />
		<Unit filename="include/object/T100ObjectTreeNode.h" />
		<Unit filename="include/string/T100StringTools.h" />
		<Unit filename="include/string/T100Unicode.h" />
		<Unit filename="include/vessel/T100Vessel.h" />
		<Unit filename="main.cpp">
			<Option target="Debug" />
			<Option target="Release" />
		</Unit>
		<Unit filename="resource.h" />
		<Unit filename="resource.rc">
			<Option compilerVar="WINDRES" />
		</Unit>
		<Unit filename="src/application/T100Application.cpp" />
		<Unit filename="src/base/T100Caret.cpp" />
		<Unit filename="src/base/T100Class.cpp" />
		<Unit filename="src/base/T100Object.cpp" />
		<Unit filename="src/console/T100Console.cpp" />
		<Unit filename="src/console/T100ConsoleBase.cpp" />
		<Unit filename="src/console/T100ConsoleLinux.cpp" />
		<Unit filename="src/console/T100ConsoleWindows.cpp" />
		<Unit filename="src/gui/application/T100Win32Application.cpp" />
		<Unit filename="src/gui/application/T100Win32ApplicationBase.cpp" />
		<Unit filename="src/gui/base/T100Brush.cpp" />
		<Unit filename="src/gui/base/T100Colour.cpp" />
		<Unit filename="src/gui/base/T100Pen.cpp" />
		<Unit filename="src/gui/base/T100Point.cpp" />
		<Unit filename="src/gui/base/T100Size.cpp" />
		<Unit filename="src/gui/base/T100Time.cpp" />
		<Unit filename="src/gui/button/T100Button.cpp" />
		<Unit filename="src/gui/canvas/T100Canvas.cpp" />
		<Unit filename="src/gui/control/T100Control.cpp" />
		<Unit filename="src/gui/data/T100WindowMessageData.cpp" />
		<Unit filename="src/gui/dc/T100DC.cpp" />
		<Unit filename="src/gui/dc/T100DCBase.cpp" />
		<Unit filename="src/gui/dialog/T100Dialog.cpp" />
		<Unit filename="src/gui/dialog/T100FileDialog.cpp" />
		<Unit filename="src/gui/dialog/T100FontDialog.cpp" />
		<Unit filename="src/gui/dialog/T100MessageBox.cpp" />
		<Unit filename="src/gui/dock/T100DockInfo.cpp" />
		<Unit filename="src/gui/dock/T100DockManager.cpp" />
		<Unit filename="src/gui/dock/T100DockManagerBase.cpp" />
		<Unit filename="src/gui/event/T100ApplicationEventHandler.cpp" />
		<Unit filename="src/gui/event/T100CommandEvent.cpp" />
		<Unit filename="src/gui/event/T100Event.cpp" />
		<Unit filename="src/gui/event/T100EventBase.cpp" />
		<Unit filename="src/gui/event/T100EventHandler.cpp" />
		<Unit filename="src/gui/event/T100IDManager.cpp" />
		<Unit filename="src/gui/event/T100MenuEvent.cpp" />
		<Unit filename="src/gui/event/T100PaintEvent.cpp" />
		<Unit filename="src/gui/event/T100WindowEvent.cpp" />
		<Unit filename="src/gui/event/T100WindowEventHandler.cpp" />
		<Unit filename="src/gui/event/T100WindowMessageDispatcher.cpp" />
		<Unit filename="src/gui/font/T100Font.cpp" />
		<Unit filename="src/gui/font/T100FontTools.cpp" />
		<Unit filename="src/gui/frame/T100Frame.cpp" />
		<Unit filename="src/gui/frame/T100FrameBase.cpp" />
		<Unit filename="src/gui/layout/T100FillLayout.cpp" />
		<Unit filename="src/gui/layout/T100Layout.cpp" />
		<Unit filename="src/gui/listview/T100ListItem.cpp" />
		<Unit filename="src/gui/listview/T100ListView.cpp" />
		<Unit filename="src/gui/menu/T100Menu.cpp" />
		<Unit filename="src/gui/menu/T100MenuBar.cpp" />
		<Unit filename="src/gui/menu/T100MenuItem.cpp" />
		<Unit filename="src/gui/menu/T100MenuItemBase.cpp" />
		<Unit filename="src/gui/panel/T100Panel.cpp" />
		<Unit filename="src/gui/style/T100ButtonStyle.cpp" />
		<Unit filename="src/gui/style/T100CanvasStyle.cpp" />
		<Unit filename="src/gui/style/T100DockPanelStyle.cpp" />
		<Unit filename="src/gui/style/T100FrameStyle.cpp" />
		<Unit filename="src/gui/style/T100PanelStyle.cpp" />
		<Unit filename="src/gui/style/T100TextBoxStyle.cpp" />
		<Unit filename="src/gui/textctrl/T100TextCtrl.cpp" />
		<Unit filename="src/gui/window/T100SelfLoopWindow.cpp" />
		<Unit filename="src/gui/window/T100Window.cpp" />
		<Unit filename="src/gui/window/T100WindowBase.cpp" />
		<Unit filename="src/gui/window/T100WindowStyle.cpp" />
		<Unit filename="src/log/T100LogBase.cpp" />
		<Unit filename="src/log/T100Logger.cpp" />
		<Unit filename="src/log/T100LoggerConsole.cpp" />
		<Unit filename="src/log/T100LoggerFile.cpp" />
		<Unit filename="src/object/T100ObjectTreeNode.cpp" />
		<Unit filename="src/string/T100StringTools.cpp" />
		<Unit filename="src/string/T100Unicode.cpp" />
		<Extensions>
			<lib_finder disable_auto="1" />
		</Extensions>
	</Project>
</CodeBlocks_project_file>
