<?xml version="1.0" encoding="UTF-8" standalone="yes" ?>
<CodeBlocks_project_file>
	<FileVersion major="1" minor="6" />
	<Project>
		<Option title="T100CLCompiler" />
		<Option pch_mode="2" />
		<Option compiler="gcc" />
		<Build>
			<Target title="Debug">
				<Option output="bin/Debug/T100CLCompiler" prefix_auto="1" extension_auto="1" />
				<Option object_output="obj/Debug/" />
				<Option type="1" />
				<Option compiler="gcc" />
				<Compiler>
					<Add option="-g" />
					<Add directory="include" />
					<Add directory="include/parser" />
					<Add directory="include/analyzer" />
					<Add directory="include/generator" />
					<Add directory="../../../T100Suite/include" />
					<Add directory="../../../T100Library/include" />
					<Add directory="../../../T100Native/include" />
					<Add directory="include/token" />
					<Add directory="include/test" />
				</Compiler>
				<Linker>
					<Add library="../../../build/libT100Suite.a" />
					<Add library="../../../build/libT100Library.a" />
					<Add library="../../../build/libT100Native.a" />
				</Linker>
			</Target>
			<Target title="Release">
				<Option output="bin/Release/T100CLCompiler" prefix_auto="1" extension_auto="1" />
				<Option object_output="obj/Release/" />
				<Option type="1" />
				<Option compiler="gcc" />
				<Compiler>
					<Add option="-O2" />
					<Add directory="include" />
					<Add directory="include/parser" />
					<Add directory="include/analyzer" />
					<Add directory="include/generator" />
					<Add directory="include/token" />
					<Add directory="include/test" />
				</Compiler>
				<Linker>
					<Add option="-s" />
				</Linker>
			</Target>
		</Build>
		<Compiler>
			<Add option="-Wall" />
			<Add option="-fexceptions" />
		</Compiler>
		<Unit filename="include/T100CLCompiler.h" />
		<Unit filename="include/analyzer/T100CLAnalyzer.h" />
		<Unit filename="include/generator/T100CLGenerator.h" />
		<Unit filename="include/parser/T100CLByteParser.h" />
		<Unit filename="include/parser/T100CLCharParser.h" />
		<Unit filename="include/parser/T100CLFileParser.h" />
		<Unit filename="include/parser/T100CLKeywordParser.h" />
		<Unit filename="include/parser/T100CLParser.h" />
		<Unit filename="include/parser/T100CLParserTools.h" />
		<Unit filename="include/parser/T100CLSegmentParser.h" />
		<Unit filename="include/parser/T100CLSentenceParser.h" />
		<Unit filename="include/parser/T100CLSourceParser.h" />
		<Unit filename="include/parser/T100CLStringParser.h" />
		<Unit filename="include/test/T100CLTest.h" />
		<Unit filename="include/token/T100CLByteToken.h" />
		<Unit filename="include/token/T100CLCharToken.h" />
		<Unit filename="include/token/T100CLFileToken.h" />
		<Unit filename="include/token/T100CLKeywordToken.h" />
		<Unit filename="include/token/T100CLSegmentToken.h" />
		<Unit filename="include/token/T100CLSentenceToken.h" />
		<Unit filename="include/token/T100CLSourceToken.h" />
		<Unit filename="include/token/T100CLStringToken.h" />
		<Unit filename="main.cpp" />
		<Unit filename="src/T100CLCompiler.cpp" />
		<Unit filename="src/analyzer/T100CLAnalyzer.cpp" />
		<Unit filename="src/generator/T100CLGenerator.cpp" />
		<Unit filename="src/parser/T100CLByteParser.cpp" />
		<Unit filename="src/parser/T100CLCharParser.cpp" />
		<Unit filename="src/parser/T100CLFileParser.cpp" />
		<Unit filename="src/parser/T100CLKeywordParser.cpp" />
		<Unit filename="src/parser/T100CLParser.cpp" />
		<Unit filename="src/parser/T100CLParserTools.cpp" />
		<Unit filename="src/parser/T100CLSegmentParser.cpp" />
		<Unit filename="src/parser/T100CLSentenceParser.cpp" />
		<Unit filename="src/parser/T100CLSourceParser.cpp" />
		<Unit filename="src/parser/T100CLStringParser.cpp" />
		<Unit filename="src/test/T100CLTest.cpp" />
		<Unit filename="src/token/T100CLByteToken.cpp" />
		<Unit filename="src/token/T100CLCharToken.cpp" />
		<Unit filename="src/token/T100CLFileToken.cpp" />
		<Unit filename="src/token/T100CLKeywordToken.cpp" />
		<Unit filename="src/token/T100CLSegmentToken.cpp" />
		<Unit filename="src/token/T100CLSentenceToken.cpp" />
		<Unit filename="src/token/T100CLSourceToken.cpp" />
		<Unit filename="src/token/T100CLStringToken.cpp" />
		<Extensions>
			<lib_finder disable_auto="1" />
		</Extensions>
	</Project>
</CodeBlocks_project_file>
