<?xml version="1.0" encoding="UTF-8" standalone="yes" ?>
<CodeBlocks_project_file>
	<FileVersion major="1" minor="6" />
	<Project>
		<Option title="T100DX12ModelViewer" />
		<Option pch_mode="2" />
		<Option compiler="gcc" />
		<Build>
			<Target title="Debug">
				<Option output="bin/Debug/T100DX12ModelViewer" prefix_auto="1" extension_auto="1" />
				<Option object_output="obj/Debug/" />
				<Option type="1" />
				<Option compiler="gcc" />
				<Option projectLinkerOptionsRelation="2" />
				<Compiler>
					<Add option="-g" />
					<Add option="-D__WXDEBUG__" />
					<Add option="-D_XM_NO_INTRINSICS_" />
					<Add option="-D_CONSOLE" />
					<Add directory="$(#wx)/lib/gcc_dll/mswud" />
					<Add directory="include/dx12" />
					<Add directory="include/game" />
					<Add directory="include" />
					<Add directory="include/entity" />
					<Add directory="include/library" />
					<Add directory="include/file" />
					<Add directory="third/json" />
					<Add directory="include/math" />
					<Add directory="include/model" />
				</Compiler>
				<ResourceCompiler>
					<Add directory="$(#wx)/lib/gcc_dll/mswud" />
				</ResourceCompiler>
				<Linker>
					<Add library="libwxmsw30ud.a" />
					<Add library="C:/zoo/lib/zlib-msvc-x64.1.2.11.8900/build/native/lib_release/zlib.lib" />
					<Add directory="$(#wx)/lib/gcc_dll" />
				</Linker>
			</Target>
			<Target title="Release">
				<Option output="bin/Release/T100DX12ModelViewer" prefix_auto="1" extension_auto="1" />
				<Option object_output="obj/Release/" />
				<Option type="0" />
				<Option compiler="gcc" />
				<Option projectLinkerOptionsRelation="2" />
				<Compiler>
					<Add option="-O2" />
					<Add directory="$(#wx)/lib/gcc_dll/mswu" />
					<Add directory="include/dx12" />
					<Add directory="include/game" />
					<Add directory="include" />
					<Add directory="include/entity" />
					<Add directory="include/library" />
					<Add directory="include/file" />
					<Add directory="include/math" />
					<Add directory="include/model" />
				</Compiler>
				<ResourceCompiler>
					<Add directory="$(#wx)/lib/gcc_dll/mswu" />
				</ResourceCompiler>
				<Linker>
					<Add option="-s" />
					<Add library="libwxmsw30u.a" />
					<Add directory="$(#wx)/lib/gcc_dll" />
				</Linker>
			</Target>
		</Build>
		<Compiler>
			<Add option="-pipe" />
			<Add option="-mthreads" />
			<Add option="-D__GNUWIN32__" />
			<Add option="-D__WXMSW__" />
			<Add option="-DWXUSINGDLL" />
			<Add option="-DwxUSE_UNICODE" />
			<Add option="-Wall" />
			<Add directory="$(#wx)/include" />
		</Compiler>
		<ResourceCompiler>
			<Add directory="$(#wx)/include" />
		</ResourceCompiler>
		<Linker>
			<Add option="-mthreads" />
		</Linker>
		<Unit filename="T100DX12ModelViewerApp.cpp" />
		<Unit filename="T100DX12ModelViewerApp.h" />
		<Unit filename="T100DX12ModelViewerMain.cpp" />
		<Unit filename="T100DX12ModelViewerMain.h" />
		<Unit filename="include/T100Common.h" />
		<Unit filename="include/d3d12/DirectXCollision.h" />
		<Unit filename="include/d3d12/DirectXColors.h" />
		<Unit filename="include/d3d12/DirectXMath.h" />
		<Unit filename="include/d3d12/DirectXPackedVector.h" />
		<Unit filename="include/d3d12/d3dx12.h" />
		<Unit filename="include/dx12/T100DX12.h" />
		<Unit filename="include/dx12/T100DX12Camera.h" />
		<Unit filename="include/dx12/T100DX12CameraManager.h" />
		<Unit filename="include/dx12/T100DX12CommandAllocatorPool.h" />
		<Unit filename="include/dx12/T100DX12CommandListManager.h" />
		<Unit filename="include/dx12/T100DX12CommandQueueManager.h" />
		<Unit filename="include/dx12/T100DX12Common.h" />
		<Unit filename="include/dx12/T100DX12EntityManager.h" />
		<Unit filename="include/dx12/T100DX12FileTools.h" />
		<Unit filename="include/dx12/T100DX12Light.h" />
		<Unit filename="include/dx12/T100DX12LightManager.h" />
		<Unit filename="include/dx12/T100DX12Mesh.h" />
		<Unit filename="include/dx12/T100DX12MeshManager.h" />
		<Unit filename="include/dx12/T100DX12Texture.h" />
		<Unit filename="include/entity/T100Box.h" />
		<Unit filename="include/entity/T100Castle.h" />
		<Unit filename="include/entity/T100Entity.h" />
		<Unit filename="include/entity/T100Triangle.h" />
		<Unit filename="include/file/T100File.h" />
		<Unit filename="include/file/T100FileGZ.h" />
		<Unit filename="include/file/T100FileGltf.h" />
		<Unit filename="include/game/T100Game.h" />
		<Unit filename="include/game/T100Scene.h" />
		<Unit filename="include/library/T100FileTools.h" />
		<Unit filename="include/library/T100HRESULTException.h" />
		<Unit filename="include/library/T100JSON.h" />
		<Unit filename="include/library/T100Unicode.h" />
		<Unit filename="include/library/T100Utility.h" />
		<Unit filename="include/math/BoundingBox.h" />
		<Unit filename="include/math/BoundingPlane.h" />
		<Unit filename="include/math/BoundingSphere.h" />
		<Unit filename="include/math/Frustum.h" />
		<Unit filename="include/math/Functions.inl" />
		<Unit filename="include/math/Matrix3.h" />
		<Unit filename="include/math/Matrix4.h" />
		<Unit filename="include/math/Quaternion.h" />
		<Unit filename="include/math/Random.h" />
		<Unit filename="include/math/Scalar.h" />
		<Unit filename="include/math/T100MathCommon.h" />
		<Unit filename="include/math/Transform.h" />
		<Unit filename="include/math/Vector.h" />
		<Unit filename="include/math/VectorMath.h" />
		<Unit filename="include/model/T100DX12Animation.h" />
		<Unit filename="include/model/T100DX12AxisAlignedBox.h" />
		<Unit filename="include/model/T100DX12BoundingSphere.h" />
		<Unit filename="include/model/T100DX12ConstantBuffers.h" />
		<Unit filename="include/model/T100DX12Model.h" />
		<Unit filename="include/model/T100DX12ModelTools.h" />
		<Unit filename="resource.rc">
			<Option compilerVar="WINDRES" />
		</Unit>
		<Unit filename="src/dx12/T100DX12.cpp" />
		<Unit filename="src/dx12/T100DX12Camera.cpp" />
		<Unit filename="src/dx12/T100DX12CameraManager.cpp" />
		<Unit filename="src/dx12/T100DX12CommandAllocatorPool.cpp" />
		<Unit filename="src/dx12/T100DX12CommandListManager.cpp" />
		<Unit filename="src/dx12/T100DX12CommandQueueManager.cpp" />
		<Unit filename="src/dx12/T100DX12EntityManager.cpp" />
		<Unit filename="src/dx12/T100DX12FileTools.cpp" />
		<Unit filename="src/dx12/T100DX12Light.cpp" />
		<Unit filename="src/dx12/T100DX12LightManager.cpp" />
		<Unit filename="src/dx12/T100DX12Mesh.cpp" />
		<Unit filename="src/dx12/T100DX12MeshManager.cpp" />
		<Unit filename="src/dx12/T100DX12Texture.cpp" />
		<Unit filename="src/entity/T100Box.cpp" />
		<Unit filename="src/entity/T100Castle.cpp" />
		<Unit filename="src/entity/T100Entity.cpp" />
		<Unit filename="src/entity/T100Triangle.cpp" />
		<Unit filename="src/file/T100File.cpp" />
		<Unit filename="src/file/T100FileGZ.cpp" />
		<Unit filename="src/file/T100FileGltf.cpp" />
		<Unit filename="src/game/T100Game.cpp" />
		<Unit filename="src/game/T100Scene.cpp" />
		<Unit filename="src/library/T100FileTools.cpp" />
		<Unit filename="src/library/T100HRESULTException.cpp" />
		<Unit filename="src/library/T100JSON.cpp" />
		<Unit filename="src/library/T100Unicode.cpp" />
		<Unit filename="src/library/T100Utility.cpp" />
		<Unit filename="src/math/BoundingSphere.cpp" />
		<Unit filename="src/math/Frustum.cpp" />
		<Unit filename="src/math/Random.cpp" />
		<Unit filename="src/model/T100DX12Animation.cpp" />
		<Unit filename="src/model/T100DX12AxisAlignedBox.cpp" />
		<Unit filename="src/model/T100DX12BoundingSphere.cpp" />
		<Unit filename="src/model/T100DX12Model.cpp" />
		<Unit filename="src/model/T100DX12ModelTools.cpp" />
		<Unit filename="third/json/json.hpp" />
		<Unit filename="wxsmith/T100DX12ModelViewerframe.wxs" />
		<Extensions>
			<lib_finder disable_auto="1" />
			<wxsmith version="1">
				<gui name="wxWidgets" src="T100DX12ModelViewerApp.cpp" main="T100DX12ModelViewerFrame" init_handlers="necessary" language="CPP" />
				<resources>
					<wxFrame wxs="wxsmith/T100DX12ModelViewerframe.wxs" src="T100DX12ModelViewerMain.cpp" hdr="T100DX12ModelViewerMain.h" fwddecl="0" i18n="1" name="T100DX12ModelViewerFrame" language="CPP" />
				</resources>
			</wxsmith>
		</Extensions>
	</Project>
</CodeBlocks_project_file>
