<?xml version="1.0" encoding="UTF-8" standalone="yes" ?>
<CodeBlocks_project_file>
	<FileVersion major="1" minor="6" />
	<Project>
		<Option title="T100DX12ModelViewer" />
		<Option pch_mode="2" />
		<Option compiler="gcc" />
		<Build>
			<Target title="Debug">
				<Option output="bin/Debug/T100DX12ModelViewer" prefix_auto="1" extension_auto="1" />
				<Option object_output="obj/Debug/" />
				<Option type="1" />
				<Option compiler="gcc" />
				<Compiler>
					<Add option="-g" />
					<Add directory="include/core" />
					<Add directory="include/model" />
					<Add directory="include/modelviewer" />
					<Add directory="include/core/math" />
					<Add directory="include/core/util" />
				</Compiler>
			</Target>
			<Target title="Release">
				<Option output="bin/Release/T100DX12ModelViewer" prefix_auto="1" extension_auto="1" />
				<Option object_output="obj/Release/" />
				<Option type="0" />
				<Option compiler="gcc" />
				<Compiler>
					<Add option="-O2" />
					<Add directory="include/core" />
					<Add directory="include/model" />
					<Add directory="include/modelviewer" />
					<Add directory="include/core/math" />
					<Add directory="include/core/util" />
				</Compiler>
				<Linker>
					<Add option="-s" />
				</Linker>
			</Target>
		</Build>
		<Compiler>
			<Add option="-Wall" />
		</Compiler>
		<Linker>
			<Add library="gdi32" />
			<Add library="user32" />
			<Add library="kernel32" />
			<Add library="comctl32" />
		</Linker>
		<Unit filename="include/core/Texture.h" />
		<Unit filename="include/core/fonts/consola24.h" />
		<Unit filename="include/core/math/BoundingBox.h" />
		<Unit filename="include/core/math/BoundingPlane.h" />
		<Unit filename="include/core/math/BoundingSphere.h" />
		<Unit filename="include/core/math/Common.h" />
		<Unit filename="include/core/math/Functions.inl" />
		<Unit filename="include/core/math/Matrix3.h" />
		<Unit filename="include/core/math/Matrix4.h" />
		<Unit filename="include/core/math/Quaternion.h" />
		<Unit filename="include/core/math/Random.h" />
		<Unit filename="include/core/math/Scalar.h" />
		<Unit filename="include/core/math/Transform.h" />
		<Unit filename="include/core/math/Trustum.h" />
		<Unit filename="include/core/math/Vector.h" />
		<Unit filename="include/core/util/CommandLineArg.h" />
		<Unit filename="include/model/Animation.h" />
		<Unit filename="include/model/ConstantBuffers.h" />
		<Unit filename="include/model/IndexOptimizePostTransform.h" />
		<Unit filename="include/model/LightManager.h" />
		<Unit filename="include/model/MeshConvert.h" />
		<Unit filename="include/model/Model.h" />
		<Unit filename="include/model/ModelH3D.h" />
		<Unit filename="include/model/ModelLoader.h" />
		<Unit filename="include/model/ParticleEffects.h" />
		<Unit filename="include/model/Renderer.h" />
		<Unit filename="include/model/SponzaRenderer.h" />
		<Unit filename="include/model/TextureConvert.h" />
		<Unit filename="include/model/glTF.h" />
		<Unit filename="include/modelviewer/Animateable.h" />
		<Unit filename="main.cpp" />
		<Unit filename="model/json.hpp" />
		<Unit filename="src/core/Texture.cpp" />
		<Unit filename="src/core/math/BoundingSphere.cpp" />
		<Unit filename="src/core/math/Random.cpp" />
		<Unit filename="src/core/math/Trustum.cpp" />
		<Unit filename="src/core/util/CommandLineArg.cpp" />
		<Unit filename="src/model/Animation.cpp" />
		<Unit filename="src/model/BuildH3D.cpp" />
		<Unit filename="src/model/IndexOptimizePostTransform.cpp" />
		<Unit filename="src/model/LightManager.cpp" />
		<Unit filename="src/model/MeshConvert.cpp" />
		<Unit filename="src/model/Model.cpp" />
		<Unit filename="src/model/ModelConvert.cpp" />
		<Unit filename="src/model/ModelH3D.cpp" />
		<Unit filename="src/model/ModelLoader.cpp" />
		<Unit filename="src/model/ParticleEffects.cpp" />
		<Unit filename="src/model/Renderer.cpp" />
		<Unit filename="src/model/SponzaRenderer.cpp" />
		<Unit filename="src/model/TextureConvert.cpp" />
		<Unit filename="src/model/glTF.cpp" />
		<Unit filename="src/modelviewer/ModelViewer.cpp" />
		<Extensions>
			<lib_finder disable_auto="1" />
		</Extensions>
	</Project>
</CodeBlocks_project_file>
