<?xml version="1.0" encoding="UTF-8" standalone="yes" ?>
<CodeBlocks_project_file>
	<FileVersion major="1" minor="6" />
	<Project>
		<Option title="T100Log" />
		<Option pch_mode="2" />
		<Option compiler="gcc" />
		<Build>
			<Target title="Debug">
				<Option output="bin/Debug/T100Log" prefix_auto="1" extension_auto="1" />
				<Option object_output="obj/Debug/" />
				<Option type="1" />
				<Option compiler="gcc" />
				<Compiler>
					<Add option="-g" />
					<Add directory="include/log" />
				</Compiler>
			</Target>
			<Target title="Release">
				<Option output="bin/Release/T100Log" prefix_auto="1" extension_auto="1" />
				<Option object_output="obj/Release/" />
				<Option type="1" />
				<Option compiler="gcc" />
				<Compiler>
					<Add option="-O2" />
					<Add directory="include/log" />
				</Compiler>
				<Linker>
					<Add option="-s" />
				</Linker>
			</Target>
		</Build>
		<Compiler>
			<Add option="-Wall" />
			<Add option="-fexceptions" />
		</Compiler>
		<Unit filename="include/log/T100LogBase.h" />
		<Unit filename="include/log/T100Logger.h" />
		<Unit filename="include/log/T100LoggerConsole.h" />
		<Unit filename="include/log/T100LoggerFile.h" />
		<Unit filename="main.cpp" />
		<Unit filename="src/log/T100LogBase.cpp" />
		<Unit filename="src/log/T100Logger.cpp" />
		<Unit filename="src/log/T100LoggerConsole.cpp" />
		<Unit filename="src/log/T100LoggerFile.cpp" />
		<Extensions />
	</Project>
</CodeBlocks_project_file>
